// !$*UTF8*$!
{
	archiveVersion = 1;
	classes = {
	};
	objectVersion = 56;
	objects = {

/* Begin PBXBuildFile section */
		8B9DACE02D6922BC0022CF7A /* AppDelegate.swift in Sources */ = {isa = PBXBuildFile; fileRef = 8B9DACDF2D6922BC0022CF7A /* AppDelegate.swift */; };
		8B9DACE22D6922BC0022CF7A /* SceneDelegate.swift in Sources */ = {isa = PBXBuildFile; fileRef = 8B9DACE12D6922BC0022CF7A /* SceneDelegate.swift */; };
		8B9DACE42D6922BC0022CF7A /* ViewController.swift in Sources */ = {isa = PBXBuildFile; fileRef = 8B9DACE32D6922BC0022CF7A /* ViewController.swift */; };
		8B9DACE72D6922BC0022CF7A /* Base in Resources */ = {isa = PBXBuildFile; fileRef = 8B9DACE62D6922BC0022CF7A /* Base */; };
		8B9DACE92D6922BE0022CF7A /* Assets.xcassets in Resources */ = {isa = PBXBuildFile; fileRef = 8B9DACE82D6922BE0022CF7A /* Assets.xcassets */; };
		8B9DACEC2D6922BE0022CF7A /* Base in Resources */ = {isa = PBXBuildFile; fileRef = 8B9DACEB2D6922BE0022CF7A /* Base */; };
		8B9DACF72D6922BF0022CF7A /* AssignmentTests.swift in Sources */ = {isa = PBXBuildFile; fileRef = 8B9DACF62D6922BF0022CF7A /* AssignmentTests.swift */; };
		8B9DAD012D6922BF0022CF7A /* AssignmentUITests.swift in Sources */ = {isa = PBXBuildFile; fileRef = 8B9DAD002D6922BF0022CF7A /* AssignmentUITests.swift */; };
		8B9DAD032D6922BF0022CF7A /* AssignmentUITestsLaunchTests.swift in Sources */ = {isa = PBXBuildFile; fileRef = 8B9DAD022D6922BF0022CF7A /* AssignmentUITestsLaunchTests.swift */; };
		8B9DAD102D69271C0022CF7A /* model.swift in Sources */ = {isa = PBXBuildFile; fileRef = 8B9DAD0F2D69271C0022CF7A /* model.swift */; };
/* End PBXBuildFile section */

/* Begin PBXContainerItemProxy section */
		8B9DACF32D6922BF0022CF7A /* PBXContainerItemProxy */ = {
			isa = PBXContainerItemProxy;
			containerPortal = 8B9DACD42D6922BC0022CF7A /* Project object */;
			proxyType = 1;
			remoteGlobalIDString = 8B9DACDB2D6922BC0022CF7A;
			remoteInfo = Assignment;
		};
		8B9DACFD2D6922BF0022CF7A /* PBXContainerItemProxy */ = {
			isa = PBXContainerItemProxy;
			containerPortal = 8B9DACD42D6922BC0022CF7A /* Project object */;
			proxyType = 1;
			remoteGlobalIDString = 8B9DACDB2D6922BC0022CF7A;
			remoteInfo = Assignment;
		};
/* End PBXContainerItemProxy section */

/* Begin PBXFileReference section */
		8B9DACDC2D6922BC0022CF7A /* Assignment.app */ = {isa = PBXFileReference; explicitFileType = wrapper.application; includeInIndex = 0; path = Assignment.app; sourceTree = BUILT_PRODUCTS_DIR; };
		8B9DACDF2D6922BC0022CF7A /* AppDelegate.swift */ = {isa = PBXFileReference; lastKnownFileType = sourcecode.swift; path = AppDelegate.swift; sourceTree = "<group>"; };
		8B9DACE12D6922BC0022CF7A /* SceneDelegate.swift */ = {isa = PBXFileReference; lastKnownFileType = sourcecode.swift; path = SceneDelegate.swift; sourceTree = "<group>"; };
		8B9DACE32D6922BC0022CF7A /* ViewController.swift */ = {isa = PBXFileReference; lastKnownFileType = sourcecode.swift; path = ViewController.swift; sourceTree = "<group>"; };
		8B9DACE62D6922BC0022CF7A /* Base */ = {isa = PBXFileReference; lastKnownFileType = file.storyboard; name = Base; path = Base.lproj/Main.storyboard; sourceTree = "<group>"; };
		8B9DACE82D6922BE0022CF7A /* Assets.xcassets */ = {isa = PBXFileReference; lastKnownFileType = folder.assetcatalog; path = Assets.xcassets; sourceTree = "<group>"; };
		8B9DACEB2D6922BE0022CF7A /* Base */ = {isa = PBXFileReference; lastKnownFileType = file.storyboard; name = Base; path = Base.lproj/LaunchScreen.storyboard; sourceTree = "<group>"; };
		8B9DACED2D6922BE0022CF7A /* Info.plist */ = {isa = PBXFileReference; lastKnownFileType = text.plist.xml; path = Info.plist; sourceTree = "<group>"; };
		8B9DACF22D6922BF0022CF7A /* AssignmentTests.xctest */ = {isa = PBXFileReference; explicitFileType = wrapper.cfbundle; includeInIndex = 0; path = AssignmentTests.xctest; sourceTree = BUILT_PRODUCTS_DIR; };
		8B9DACF62D6922BF0022CF7A /* AssignmentTests.swift */ = {isa = PBXFileReference; lastKnownFileType = sourcecode.swift; path = AssignmentTests.swift; sourceTree = "<group>"; };
		8B9DACFC2D6922BF0022CF7A /* AssignmentUITests.xctest */ = {isa = PBXFileReference; explicitFileType = wrapper.cfbundle; includeInIndex = 0; path = AssignmentUITests.xctest; sourceTree = BUILT_PRODUCTS_DIR; };
		8B9DAD002D6922BF0022CF7A /* AssignmentUITests.swift */ = {isa = PBXFileReference; lastKnownFileType = sourcecode.swift; path = AssignmentUITests.swift; sourceTree = "<group>"; };
		8B9DAD022D6922BF0022CF7A /* AssignmentUITestsLaunchTests.swift */ = {isa = PBXFileReference; lastKnownFileType = sourcecode.swift; path = AssignmentUITestsLaunchTests.swift; sourceTree = "<group>"; };
		8B9DAD0F2D69271C0022CF7A /* model.swift */ = {isa = PBXFileReference; lastKnownFileType = sourcecode.swift; path = model.swift; sourceTree = "<group>"; };
/* End PBXFileReference section */

/* Begin PBXFrameworksBuildPhase section */
		8B9DACD92D6922BC0022CF7A /* Frameworks */ = {
			isa = PBXFrameworksBuildPhase;
			buildActionMask = 2147483647;
			files = (
			);
			runOnlyForDeploymentPostprocessing = 0;
		};
		8B9DACEF2D6922BF0022CF7A /* Frameworks */ = {
			isa = PBXFrameworksBuildPhase;
			buildActionMask = 2147483647;
			files = (
			);
			runOnlyForDeploymentPostprocessing = 0;
		};
		8B9DACF92D6922BF0022CF7A /* Frameworks */ = {
			isa = PBXFrameworksBuildPhase;
			buildActionMask = 2147483647;
			files = (
			);
			runOnlyForDeploymentPostprocessing = 0;
		};
/* End PBXFrameworksBuildPhase section */

/* Begin PBXGroup section */
		8B9DACD32D6922BC0022CF7A = {
			isa = PBXGroup;
			children = (
				8B9DACDE2D6922BC0022CF7A /* Assignment */,
				8B9DACF52D6922BF0022CF7A /* AssignmentTests */,
				8B9DACFF2D6922BF0022CF7A /* AssignmentUITests */,
				8B9DACDD2D6922BC0022CF7A /* Products */,
			);
			sourceTree = "<group>";
		};
		8B9DACDD2D6922BC0022CF7A /* Products */ = {
			isa = PBXGroup;
			children = (
				8B9DACDC2D6922BC0022CF7A /* Assignment.app */,
				8B9DACF22D6922BF0022CF7A /* AssignmentTests.xctest */,
				8B9DACFC2D6922BF0022CF7A /* AssignmentUITests.xctest */,
			);
			name = Products;
			sourceTree = "<group>";
		};
		8B9DACDE2D6922BC0022CF7A /* Assignment */ = {
			isa = PBXGroup;
			children = (
				8B9DACDF2D6922BC0022CF7A /* AppDelegate.swift */,
				8B9DACE12D6922BC0022CF7A /* SceneDelegate.swift */,
				8B9DACE32D6922BC0022CF7A /* ViewController.swift */,
				8B9DACE52D6922BC0022CF7A /* Main.storyboard */,
				8B9DACE82D6922BE0022CF7A /* Assets.xcassets */,
				8B9DACEA2D6922BE0022CF7A /* LaunchScreen.storyboard */,
				8B9DACED2D6922BE0022CF7A /* Info.plist */,
				8B9DAD0F2D69271C0022CF7A /* model.swift */,
			);
			path = Assignment;
			sourceTree = "<group>";
		};
		8B9DACF52D6922BF0022CF7A /* AssignmentTests */ = {
			isa = PBXGroup;
			children = (
				8B9DACF62D6922BF0022CF7A /* AssignmentTests.swift */,
			);
			path = AssignmentTests;
			sourceTree = "<group>";
		};
		8B9DACFF2D6922BF0022CF7A /* AssignmentUITests */ = {
			isa = PBXGroup;
			children = (
				8B9DAD002D6922BF0022CF7A /* AssignmentUITests.swift */,
				8B9DAD022D6922BF0022CF7A /* AssignmentUITestsLaunchTests.swift */,
			);
			path = AssignmentUITests;
			sourceTree = "<group>";
		};
/* End PBXGroup section */

/* Begin PBXNativeTarget section */
		8B9DACDB2D6922BC0022CF7A /* Assignment */ = {
			isa = PBXNativeTarget;
			buildConfigurationList = 8B9DAD062D6922BF0022CF7A /* Build configuration list for PBXNativeTarget "Assignment" */;
			buildPhases = (
				8B9DACD82D6922BC0022CF7A /* Sources */,
				8B9DACD92D6922BC0022CF7A /* Frameworks */,
				8B9DACDA2D6922BC0022CF7A /* Resources */,
			);
			buildRules = (
			);
			dependencies = (
			);
			name = Assignment;
			productName = Assignment;
			productReference = 8B9DACDC2D6922BC0022CF7A /* Assignment.app */;
			productType = "com.apple.product-type.application";
		};
		8B9DACF12D6922BF0022CF7A /* AssignmentTests */ = {
			isa = PBXNativeTarget;
			buildConfigurationList = 8B9DAD092D6922BF0022CF7A /* Build configuration list for PBXNativeTarget "AssignmentTests" */;
			buildPhases = (
				8B9DACEE2D6922BF0022CF7A /* Sources */,
				8B9DACEF2D6922BF0022CF7A /* Frameworks */,
				8B9DACF02D6922BF0022CF7A /* Resources */,
			);
			buildRules = (
			);
			dependencies = (
				8B9DACF42D6922BF0022CF7A /* PBXTargetDependency */,
			);
			name = AssignmentTests;
			productName = AssignmentTests;
			productReference = 8B9DACF22D6922BF0022CF7A /* AssignmentTests.xctest */;
			productType = "com.apple.product-type.bundle.unit-test";
		};
		8B9DACFB2D6922BF0022CF7A /* AssignmentUITests */ = {
			isa = PBXNativeTarget;
			buildConfigurationList = 8B9DAD0C2D6922BF0022CF7A /* Build configuration list for PBXNativeTarget "AssignmentUITests" */;
			buildPhases = (
				8B9DACF82D6922BF0022CF7A /* Sources */,
				8B9DACF92D6922BF0022CF7A /* Frameworks */,
				8B9DACFA2D6922BF0022CF7A /* Resources */,
			);
			buildRules = (
			);
			dependencies = (
				8B9DACFE2D6922BF0022CF7A /* PBXTargetDependency */,
			);
			name = AssignmentUITests;
			productName = AssignmentUITests;
			productReference = 8B9DACFC2D6922BF0022CF7A /* AssignmentUITests.xctest */;
			productType = "com.apple.product-type.bundle.ui-testing";
		};
/* End PBXNativeTarget section */

/* Begin PBXProject section */
		8B9DACD42D6922BC0022CF7A /* Project object */ = {
			isa = PBXProject;
			attributes = {
				BuildIndependentTargetsInParallel = 1;
				LastSwiftUpdateCheck = 1540;
				LastUpgradeCheck = 1540;
				TargetAttributes = {
					8B9DACDB2D6922BC0022CF7A = {
						CreatedOnToolsVersion = 15.4;
					};
					8B9DACF12D6922BF0022CF7A = {
						CreatedOnToolsVersion = 15.4;
						TestTargetID = 8B9DACDB2D6922BC0022CF7A;
					};
					8B9DACFB2D6922BF0022CF7A = {
						CreatedOnToolsVersion = 15.4;
						TestTargetID = 8B9DACDB2D6922BC0022CF7A;
					};
				};
			};
			buildConfigurationList = 8B9DACD72D6922BC0022CF7A /* Build configuration list for PBXProject "Assignment" */;
			compatibilityVersion = "Xcode 14.0";
			developmentRegion = en;
			hasScannedForEncodings = 0;
			knownRegions = (
				en,
				Base,
			);
			mainGroup = 8B9DACD32D6922BC0022CF7A;
			productRefGroup = 8B9DACDD2D6922BC0022CF7A /* Products */;
			projectDirPath = "";
			projectRoot = "";
			targets = (
				8B9DACDB2D6922BC0022CF7A /* Assignment */,
				8B9DACF12D6922BF0022CF7A /* AssignmentTests */,
				8B9DACFB2D6922BF0022CF7A /* AssignmentUITests */,
			);
		};
/* End PBXProject section */

/* Begin PBXResourcesBuildPhase section */
		8B9DACDA2D6922BC0022CF7A /* Resources */ = {
			isa = PBXResourcesBuildPhase;
			buildActionMask = 2147483647;
			files = (
				8B9DACE92D6922BE0022CF7A /* Assets.xcassets in Resources */,
				8B9DACEC2D6922BE0022CF7A /* Base in Resources */,
				8B9DACE72D6922BC0022CF7A /* Base in Resources */,
			);
			runOnlyForDeploymentPostprocessing = 0;
		};
		8B9DACF02D6922BF0022CF7A /* Resources */ = {
			isa = PBXResourcesBuildPhase;
			buildActionMask = 2147483647;
			files = (
			);
			runOnlyForDeploymentPostprocessing = 0;
		};
		8B9DACFA2D6922BF0022CF7A /* Resources */ = {
			isa = PBXResourcesBuildPhase;
			buildActionMask = 2147483647;
			files = (
			);
			runOnlyForDeploymentPostprocessing = 0;
		};
/* End PBXResourcesBuildPhase section */

/* Begin PBXSourcesBuildPhase section */
		8B9DACD82D6922BC0022CF7A /* Sources */ = {
			isa = PBXSourcesBuildPhase;
			buildActionMask = 2147483647;
			files = (
				8B9DACE42D6922BC0022CF7A /* ViewController.swift in Sources */,
				8B9DACE02D6922BC0022CF7A /* AppDelegate.swift in Sources */,
				8B9DACE22D6922BC0022CF7A /* SceneDelegate.swift in Sources */,
				8B9DAD102D69271C0022CF7A /* model.swift in Sources */,
			);
			runOnlyForDeploymentPostprocessing = 0;
		};
		8B9DACEE2D6922BF0022CF7A /* Sources */ = {
			isa = PBXSourcesBuildPhase;
			buildActionMask = 2147483647;
			files = (
				8B9DACF72D6922BF0022CF7A /* AssignmentTests.swift in Sources */,
			);
			runOnlyForDeploymentPostprocessing = 0;
		};
		8B9DACF82D6922BF0022CF7A /* Sources */ = {
			isa = PBXSourcesBuildPhase;
			buildActionMask = 2147483647;
			files = (
				8B9DAD012D6922BF0022CF7A /* AssignmentUITests.swift in Sources */,
				8B9DAD032D6922BF0022CF7A /* AssignmentUITestsLaunchTests.swift in Sources */,
			);
			runOnlyForDeploymentPostprocessing = 0;
		};
/* End PBXSourcesBuildPhase section */

/* Begin PBXTargetDependency section */
		8B9DACF42D6922BF0022CF7A /* PBXTargetDependency */ = {
			isa = PBXTargetDependency;
			target = 8B9DACDB2D6922BC0022CF7A /* Assignment */;
			targetProxy = 8B9DACF32D6922BF0022CF7A /* PBXContainerItemProxy */;
		};
		8B9DACFE2D6922BF0022CF7A /* PBXTargetDependency */ = {
			isa = PBXTargetDependency;
			target = 8B9DACDB2D6922BC0022CF7A /* Assignment */;
			targetProxy = 8B9DACFD2D6922BF0022CF7A /* PBXContainerItemProxy */;
		};
/* End PBXTargetDependency section */

/* Begin PBXVariantGroup section */
		8B9DACE52D6922BC0022CF7A /* Main.storyboard */ = {
			isa = PBXVariantGroup;
			children = (
				8B9DACE62D6922BC0022CF7A /* Base */,
			);
			name = Main.storyboard;
			sourceTree = "<group>";
		};
		8B9DACEA2D6922BE0022CF7A /* LaunchScreen.storyboard */ = {
			isa = PBXVariantGroup;
			children = (
				8B9DACEB2D6922BE0022CF7A /* Base */,
			);
			name = LaunchScreen.storyboard;
			sourceTree = "<group>";
		};
/* End PBXVariantGroup section */

/* Begin XCBuildConfiguration section */
		8B9DAD042D6922BF0022CF7A /* Debug */ = {
			isa = XCBuildConfiguration;
			buildSettings = {
				ALWAYS_SEARCH_USER_PATHS = NO;
				ASSETCATALOG_COMPILER_GENERATE_SWIFT_ASSET_SYMBOL_EXTENSIONS = YES;
				CLANG_ANALYZER_NONNULL = YES;
				CLANG_ANALYZER_NUMBER_OBJECT_CONVERSION = YES_AGGRESSIVE;
				CLANG_CXX_LANGUAGE_STANDARD = "gnu++20";
				CLANG_ENABLE_MODULES = YES;
				CLANG_ENABLE_OBJC_ARC = YES;
				CLANG_ENABLE_OBJC_WEAK = YES;
				CLANG_WARN_BLOCK_CAPTURE_AUTORELEASING = YES;
				CLANG_WARN_BOOL_CONVERSION = YES;
				CLANG_WARN_COMMA = YES;
				CLANG_WARN_CONSTANT_CONVERSION = YES;
				CLANG_WARN_DEPRECATED_OBJC_IMPLEMENTATIONS = YES;
				CLANG_WARN_DIRECT_OBJC_ISA_USAGE = YES_ERROR;
				CLANG_WARN_DOCUMENTATION_COMMENTS = YES;
				CLANG_WARN_EMPTY_BODY = YES;
				CLANG_WARN_ENUM_CONVERSION = YES;
				CLANG_WARN_INFINITE_RECURSION = YES;
				CLANG_WARN_INT_CONVERSION = YES;
				CLANG_WARN_NON_LITERAL_NULL_CONVERSION = YES;
				CLANG_WARN_OBJC_IMPLICIT_RETAIN_SELF = YES;
				CLANG_WARN_OBJC_LITERAL_CONVERSION = YES;
				CLANG_WARN_OBJC_ROOT_CLASS = YES_ERROR;
				CLANG_WARN_QUOTED_INCLUDE_IN_FRAMEWORK_HEADER = YES;
				CLANG_WARN_RANGE_LOOP_ANALYSIS = YES;
				CLANG_WARN_STRICT_PROTOTYPES = YES;
				CLANG_WARN_SUSPICIOUS_MOVE = YES;
				CLANG_WARN_UNGUARDED_AVAILABILITY = YES_AGGRESSIVE;
				CLANG_WARN_UNREACHABLE_CODE = YES;
				CLANG_WARN__DUPLICATE_METHOD_MATCH = YES;
				COPY_PHASE_STRIP = NO;
				DEBUG_INFORMATION_FORMAT = dwarf;
				ENABLE_STRICT_OBJC_MSGSEND = YES;
				ENABLE_TESTABILITY = YES;
				ENABLE_USER_SCRIPT_SANDBOXING = YES;
				GCC_C_LANGUAGE_STANDARD = gnu17;
				GCC_DYNAMIC_NO_PIC = NO;
				GCC_NO_COMMON_BLOCKS = YES;
				GCC_OPTIMIZATION_LEVEL = 0;
				GCC_PREPROCESSOR_DEFINITIONS = (
					"DEBUG=1",
					"$(inherited)",
				);
				GCC_WARN_64_TO_32_BIT_CONVERSION = YES;
				GCC_WARN_ABOUT_RETURN_TYPE = YES_ERROR;
				GCC_WARN_UNDECLARED_SELECTOR = YES;
				GCC_WARN_UNINITIALIZED_AUTOS = YES_AGGRESSIVE;
				GCC_WARN_UNUSED_FUNCTION = YES;
				GCC_WARN_UNUSED_VARIABLE = YES;
				IPHONEOS_DEPLOYMENT_TARGET = 17.5;
				LOCALIZATION_PREFERS_STRING_CATALOGS = YES;
				MTL_ENABLE_DEBUG_INFO = INCLUDE_SOURCE;
				MTL_FAST_MATH = YES;
				ONLY_ACTIVE_ARCH = YES;
				SDKROOT = iphoneos;
				SWIFT_ACTIVE_COMPILATION_CONDITIONS = "DEBUG $(inherited)";
				SWIFT_OPTIMIZATION_LEVEL = "-Onone";
			};
			name = Debug;
		};
		8B9DAD052D6922BF0022CF7A /* Release */ = {
			isa = XCBuildConfiguration;
			buildSettings = {
				ALWAYS_SEARCH_USER_PATHS = NO;
				ASSETCATALOG_COMPILER_GENERATE_SWIFT_ASSET_SYMBOL_EXTENSIONS = YES;
				CLANG_ANALYZER_NONNULL = YES;
				CLANG_ANALYZER_NUMBER_OBJECT_CONVERSION = YES_AGGRESSIVE;
				CLANG_CXX_LANGUAGE_STANDARD = "gnu++20";
				CLANG_ENABLE_MODULES = YES;
				CLANG_ENABLE_OBJC_ARC = YES;
				CLANG_ENABLE_OBJC_WEAK = YES;
				CLANG_WARN_BLOCK_CAPTURE_AUTORELEASING = YES;
				CLANG_WARN_BOOL_CONVERSION = YES;
				CLANG_WARN_COMMA = YES;
				CLANG_WARN_CONSTANT_CONVERSION = YES;
				CLANG_WARN_DEPRECATED_OBJC_IMPLEMENTATIONS = YES;
				CLANG_WARN_DIRECT_OBJC_ISA_USAGE = YES_ERROR;
				CLANG_WARN_DOCUMENTATION_COMMENTS = YES;
				CLANG_WARN_EMPTY_BODY = YES;
				CLANG_WARN_ENUM_CONVERSION = YES;
				CLANG_WARN_INFINITE_RECURSION = YES;
				CLANG_WARN_INT_CONVERSION = YES;
				CLANG_WARN_NON_LITERAL_NULL_CONVERSION = YES;
				CLANG_WARN_OBJC_IMPLICIT_RETAIN_SELF = YES;
				CLANG_WARN_OBJC_LITERAL_CONVERSION = YES;
				CLANG_WARN_OBJC_ROOT_CLASS = YES_ERROR;
				CLANG_WARN_QUOTED_INCLUDE_IN_FRAMEWORK_HEADER = YES;
				CLANG_WARN_RANGE_LOOP_ANALYSIS = YES;
				CLANG_WARN_STRICT_PROTOTYPES = YES;
				CLANG_WARN_SUSPICIOUS_MOVE = YES;
				CLANG_WARN_UNGUARDED_AVAILABILITY = YES_AGGRESSIVE;
				CLANG_WARN_UNREACHABLE_CODE = YES;
				CLANG_WARN__DUPLICATE_METHOD_MATCH = YES;
				COPY_PHASE_STRIP = NO;
				DEBUG_INFORMATION_FORMAT = "dwarf-with-dsym";
				ENABLE_NS_ASSERTIONS = NO;
				ENABLE_STRICT_OBJC_MSGSEND = YES;
				ENABLE_USER_SCRIPT_SANDBOXING = YES;
				GCC_C_LANGUAGE_STANDARD = gnu17;
				GCC_NO_COMMON_BLOCKS = YES;
				GCC_WARN_64_TO_32_BIT_CONVERSION = YES;
				GCC_WARN_ABOUT_RETURN_TYPE = YES_ERROR;
				GCC_WARN_UNDECLARED_SELECTOR = YES;
				GCC_WARN_UNINITIALIZED_AUTOS = YES_AGGRESSIVE;
				GCC_WARN_UNUSED_FUNCTION = YES;
				GCC_WARN_UNUSED_VARIABLE = YES;
				IPHONEOS_DEPLOYMENT_TARGET = 17.5;
				LOCALIZATION_PREFERS_STRING_CATALOGS = YES;
				MTL_ENABLE_DEBUG_INFO = NO;
				MTL_FAST_MATH = YES;
				SDKROOT = iphoneos;
				SWIFT_COMPILATION_MODE = wholemodule;
				VALIDATE_PRODUCT = YES;
			};
			name = Release;
		};
		8B9DAD072D6922BF0022CF7A /* Debug */ = {
			isa = XCBuildConfiguration;
			buildSettings = {
				ASSETCATALOG_COMPILER_APPICON_NAME = AppIcon;
				ASSETCATALOG_COMPILER_GLOBAL_ACCENT_COLOR_NAME = AccentColor;
				CODE_SIGN_STYLE = Automatic;
				CURRENT_PROJECT_VERSION = 1;
				GENERATE_INFOPLIST_FILE = YES;
				INFOPLIST_FILE = Assignment/Info.plist;
				INFOPLIST_KEY_UIApplicationSupportsIndirectInputEvents = YES;
				INFOPLIST_KEY_UILaunchStoryboardName = LaunchScreen;
				INFOPLIST_KEY_UIMainStoryboardFile = Main;
				INFOPLIST_KEY_UISupportedInterfaceOrientations_iPad = "UIInterfaceOrientationPortrait UIInterfaceOrientationPortraitUpsideDown UIInterfaceOrientationLandscapeLeft UIInterfaceOrientationLandscapeRight";
				INFOPLIST_KEY_UISupportedInterfaceOrientations_iPhone = "UIInterfaceOrientationPortrait UIInterfaceOrientationLandscapeLeft UIInterfaceOrientationLandscapeRight";
				LD_RUNPATH_SEARCH_PATHS = (
					"$(inherited)",
					"@executable_path/Frameworks",
				);
				MARKETING_VERSION = 1.0;
				PRODUCT_BUNDLE_IDENTIFIER = humber.ca.Assignment;
				PRODUCT_NAME = "$(TARGET_NAME)";
				SWIFT_EMIT_LOC_STRINGS = YES;
				SWIFT_VERSION = 5.0;
				TARGETED_DEVICE_FAMILY = "1,2";
			};
			name = Debug;
		};
		8B9DAD082D6922BF0022CF7A /* Release */ = {
			isa = XCBuildConfiguration;
			buildSettings = {
				ASSETCATALOG_COMPILER_APPICON_NAME = AppIcon;
				ASSETCATALOG_COMPILER_GLOBAL_ACCENT_COLOR_NAME = AccentColor;
				CODE_SIGN_STYLE = Automatic;
				CURRENT_PROJECT_VERSION = 1;
				GENERATE_INFOPLIST_FILE = YES;
				INFOPLIST_FILE = Assignment/Info.plist;
				INFOPLIST_KEY_UIApplicationSupportsIndirectInputEvents = YES;
				INFOPLIST_KEY_UILaunchStoryboardName = LaunchScreen;
				INFOPLIST_KEY_UIMainStoryboardFile = Main;
				INFOPLIST_KEY_UISupportedInterfaceOrientations_iPad = "UIInterfaceOrientationPortrait UIInterfaceOrientationPortraitUpsideDown UIInterfaceOrientationLandscapeLeft UIInterfaceOrientationLandscapeRight";
				INFOPLIST_KEY_UISupportedInterfaceOrientations_iPhone = "UIInterfaceOrientationPortrait UIInterfaceOrientationLandscapeLeft UIInterfaceOrientationLandscapeRight";
				LD_RUNPATH_SEARCH_PATHS = (
					"$(inherited)",
					"@executable_path/Frameworks",
				);
				MARKETING_VERSION = 1.0;
				PRODUCT_BUNDLE_IDENTIFIER = humber.ca.Assignment;
				PRODUCT_NAME = "$(TARGET_NAME)";
				SWIFT_EMIT_LOC_STRINGS = YES;
				SWIFT_VERSION = 5.0;
				TARGETED_DEVICE_FAMILY = "1,2";
			};
			name = Release;
		};
		8B9DAD0A2D6922BF0022CF7A /* Debug */ = {
			isa = XCBuildConfiguration;
			buildSettings = {
				ALWAYS_EMBED_SWIFT_STANDARD_LIBRARIES = YES;
				BUNDLE_LOADER = "$(TEST_HOST)";
				CODE_SIGN_STYLE = Automatic;
				CURRENT_PROJECT_VERSION = 1;
				GENERATE_INFOPLIST_FILE = YES;
				IPHONEOS_DEPLOYMENT_TARGET = 17.5;
				MARKETING_VERSION = 1.0;
				PRODUCT_BUNDLE_IDENTIFIER = humber.ca.AssignmentTests;
				PRODUCT_NAME = "$(TARGET_NAME)";
				SWIFT_EMIT_LOC_STRINGS = NO;
				SWIFT_VERSION = 5.0;
				TARGETED_DEVICE_FAMILY = "1,2";
				TEST_HOST = "$(BUILT_PRODUCTS_DIR)/Assignment.app/$(BUNDLE_EXECUTABLE_FOLDER_PATH)/Assignment";
			};
			name = Debug;
		};
		8B9DAD0B2D6922BF0022CF7A /* Release */ = {
			isa = XCBuildConfiguration;
			buildSettings = {
				ALWAYS_EMBED_SWIFT_STANDARD_LIBRARIES = YES;
				BUNDLE_LOADER = "$(TEST_HOST)";
				CODE_SIGN_STYLE = Automatic;
				CURRENT_PROJECT_VERSION = 1;
				GENERATE_INFOPLIST_FILE = YES;
				IPHONEOS_DEPLOYMENT_TARGET = 17.5;
				MARKETING_VERSION = 1.0;
				PRODUCT_BUNDLE_IDENTIFIER = humber.ca.AssignmentTests;
				PRODUCT_NAME = "$(TARGET_NAME)";
				SWIFT_EMIT_LOC_STRINGS = NO;
				SWIFT_VERSION = 5.0;
				TARGETED_DEVICE_FAMILY = "1,2";
				TEST_HOST = "$(BUILT_PRODUCTS_DIR)/Assignment.app/$(BUNDLE_EXECUTABLE_FOLDER_PATH)/Assignment";
			};
			name = Release;
		};
		8B9DAD0D2D6922BF0022CF7A /* Debug */ = {
			isa = XCBuildConfiguration;
			buildSettings = {
				ALWAYS_EMBED_SWIFT_STANDARD_LIBRARIES = YES;
				CODE_SIGN_STYLE = Automatic;
				CURRENT_PROJECT_VERSION = 1;
				GENERATE_INFOPLIST_FILE = YES;
				MARKETING_VERSION = 1.0;
				PRODUCT_BUNDLE_IDENTIFIER = humber.ca.AssignmentUITests;
				PRODUCT_NAME = "$(TARGET_NAME)";
				SWIFT_EMIT_LOC_STRINGS = NO;
				SWIFT_VERSION = 5.0;
				TARGETED_DEVICE_FAMILY = "1,2";
				TEST_TARGET_NAME = Assignment;
			};
			name = Debug;
		};
		8B9DAD0E2D6922BF0022CF7A /* Release */ = {
			isa = XCBuildConfiguration;
			buildSettings = {
				ALWAYS_EMBED_SWIFT_STANDARD_LIBRARIES = YES;
				CODE_SIGN_STYLE = Automatic;
				CURRENT_PROJECT_VERSION = 1;
				GENERATE_INFOPLIST_FILE = YES;
				MARKETING_VERSION = 1.0;
				PRODUCT_BUNDLE_IDENTIFIER = humber.ca.AssignmentUITests;
				PRODUCT_NAME = "$(TARGET_NAME)";
				SWIFT_EMIT_LOC_STRINGS = NO;
				SWIFT_VERSION = 5.0;
				TARGETED_DEVICE_FAMILY = "1,2";
				TEST_TARGET_NAME = Assignment;
			};
			name = Release;
		};
/* End XCBuildConfiguration section */

/* Begin XCConfigurationList section */
		8B9DACD72D6922BC0022CF7A /* Build configuration list for PBXProject "Assignment" */ = {
			isa = XCConfigurationList;
			buildConfigurations = (
				8B9DAD042D6922BF0022CF7A /* Debug */,
				8B9DAD052D6922BF0022CF7A /* Release */,
			);
			defaultConfigurationIsVisible = 0;
			defaultConfigurationName = Release;
		};
		8B9DAD062D6922BF0022CF7A /* Build configuration list for PBXNativeTarget "Assignment" */ = {
			isa = XCConfigurationList;
			buildConfigurations = (
				8B9DAD072D6922BF0022CF7A /* Debug */,
				8B9DAD082D6922BF0022CF7A /* Release */,
			);
			defaultConfigurationIsVisible = 0;
			defaultConfigurationName = Release;
		};
		8B9DAD092D6922BF0022CF7A /* Build configuration list for PBXNativeTarget "AssignmentTests" */ = {
			isa = XCConfigurationList;
			buildConfigurations = (
				8B9DAD0A2D6922BF0022CF7A /* Debug */,
				8B9DAD0B2D6922BF0022CF7A /* Release */,
			);
			defaultConfigurationIsVisible = 0;
			defaultConfigurationName = Release;
		};
		8B9DAD0C2D6922BF0022CF7A /* Build configuration list for PBXNativeTarget "AssignmentUITests" */ = {
			isa = XCConfigurationList;
			buildConfigurations = (
				8B9DAD0D2D6922BF0022CF7A /* Debug */,
				8B9DAD0E2D6922BF0022CF7A /* Release */,
			);
			defaultConfigurationIsVisible = 0;
			defaultConfigurationName = Release;
		};
/* End XCConfigurationList section */
	};
	rootObject = 8B9DACD42D6922BC0022CF7A /* Project object */;
}
