// !$*UTF8*$!
{
	archiveVersion = 1;
	classes = {
	};
	objectVersion = 56;
	objects = {

/* Begin PBXBuildFile section */
		8BFB6E852D970F5E001FC548 /* AppDelegate.swift in Sources */ = {isa = PBXBuildFile; fileRef = 8BFB6E842D970F5E001FC548 /* AppDelegate.swift */; };
		8BFB6E872D970F5E001FC548 /* SceneDelegate.swift in Sources */ = {isa = PBXBuildFile; fileRef = 8BFB6E862D970F5E001FC548 /* SceneDelegate.swift */; };
		8BFB6E892D970F5E001FC548 /* ViewController.swift in Sources */ = {isa = PBXBuildFile; fileRef = 8BFB6E882D970F5E001FC548 /* ViewController.swift */; };
		8BFB6E8C2D970F5E001FC548 /* Base in Resources */ = {isa = PBXBuildFile; fileRef = 8BFB6E8B2D970F5E001FC548 /* Base */; };
		8BFB6E8F2D970F5E001FC548 /* CoreData1.xcdatamodeld in Sources */ = {isa = PBXBuildFile; fileRef = 8BFB6E8D2D970F5E001FC548 /* CoreData1.xcdatamodeld */; };
		8BFB6E912D970F60001FC548 /* Assets.xcassets in Resources */ = {isa = PBXBuildFile; fileRef = 8BFB6E902D970F60001FC548 /* Assets.xcassets */; };
		8BFB6E942D970F60001FC548 /* Base in Resources */ = {isa = PBXBuildFile; fileRef = 8BFB6E932D970F60001FC548 /* Base */; };
		8BFB6E9F2D970F60001FC548 /* CoreData1Tests.swift in Sources */ = {isa = PBXBuildFile; fileRef = 8BFB6E9E2D970F60001FC548 /* CoreData1Tests.swift */; };
		8BFB6EA92D970F60001FC548 /* CoreData1UITests.swift in Sources */ = {isa = PBXBuildFile; fileRef = 8BFB6EA82D970F60001FC548 /* CoreData1UITests.swift */; };
		8BFB6EAB2D970F60001FC548 /* CoreData1UITestsLaunchTests.swift in Sources */ = {isa = PBXBuildFile; fileRef = 8BFB6EAA2D970F60001FC548 /* CoreData1UITestsLaunchTests.swift */; };
		8BFB6EBF2D9711AB001FC548 /* Car+CoreDataClass.swift in Sources */ = {isa = PBXBuildFile; fileRef = 8BFB6EBB2D9711AB001FC548 /* Car+CoreDataClass.swift */; };
		8BFB6EC02D9711AB001FC548 /* Car+CoreDataProperties.swift in Sources */ = {isa = PBXBuildFile; fileRef = 8BFB6EBC2D9711AB001FC548 /* Car+CoreDataProperties.swift */; };
		8BFB6EC12D9711AB001FC548 /* Owner+CoreDataClass.swift in Sources */ = {isa = PBXBuildFile; fileRef = 8BFB6EBD2D9711AB001FC548 /* Owner+CoreDataClass.swift */; };
		8BFB6EC22D9711AB001FC548 /* Owner+CoreDataProperties.swift in Sources */ = {isa = PBXBuildFile; fileRef = 8BFB6EBE2D9711AB001FC548 /* Owner+CoreDataProperties.swift */; };
/* End PBXBuildFile section */

/* Begin PBXContainerItemProxy section */
		8BFB6E9B2D970F60001FC548 /* PBXContainerItemProxy */ = {
			isa = PBXContainerItemProxy;
			containerPortal = 8BFB6E792D970F5E001FC548 /* Project object */;
			proxyType = 1;
			remoteGlobalIDString = 8BFB6E802D970F5E001FC548;
			remoteInfo = CoreData1;
		};
		8BFB6EA52D970F60001FC548 /* PBXContainerItemProxy */ = {
			isa = PBXContainerItemProxy;
			containerPortal = 8BFB6E792D970F5E001FC548 /* Project object */;
			proxyType = 1;
			remoteGlobalIDString = 8BFB6E802D970F5E001FC548;
			remoteInfo = CoreData1;
		};
/* End PBXContainerItemProxy section */

/* Begin PBXFileReference section */
		8BFB6E812D970F5E001FC548 /* CoreData1.app */ = {isa = PBXFileReference; explicitFileType = wrapper.application; includeInIndex = 0; path = CoreData1.app; sourceTree = BUILT_PRODUCTS_DIR; };
		8BFB6E842D970F5E001FC548 /* AppDelegate.swift */ = {isa = PBXFileReference; lastKnownFileType = sourcecode.swift; path = AppDelegate.swift; sourceTree = "<group>"; };
		8BFB6E862D970F5E001FC548 /* SceneDelegate.swift */ = {isa = PBXFileReference; lastKnownFileType = sourcecode.swift; path = SceneDelegate.swift; sourceTree = "<group>"; };
		8BFB6E882D970F5E001FC548 /* ViewController.swift */ = {isa = PBXFileReference; lastKnownFileType = sourcecode.swift; path = ViewController.swift; sourceTree = "<group>"; };
		8BFB6E8B2D970F5E001FC548 /* Base */ = {isa = PBXFileReference; lastKnownFileType = file.storyboard; name = Base; path = Base.lproj/Main.storyboard; sourceTree = "<group>"; };
		8BFB6E8E2D970F5E001FC548 /* CoreData1.xcdatamodel */ = {isa = PBXFileReference; lastKnownFileType = wrapper.xcdatamodel; path = CoreData1.xcdatamodel; sourceTree = "<group>"; };
		8BFB6E902D970F60001FC548 /* Assets.xcassets */ = {isa = PBXFileReference; lastKnownFileType = folder.assetcatalog; path = Assets.xcassets; sourceTree = "<group>"; };
		8BFB6E932D970F60001FC548 /* Base */ = {isa = PBXFileReference; lastKnownFileType = file.storyboard; name = Base; path = Base.lproj/LaunchScreen.storyboard; sourceTree = "<group>"; };
		8BFB6E952D970F60001FC548 /* Info.plist */ = {isa = PBXFileReference; lastKnownFileType = text.plist.xml; path = Info.plist; sourceTree = "<group>"; };
		8BFB6E9A2D970F60001FC548 /* CoreData1Tests.xctest */ = {isa = PBXFileReference; explicitFileType = wrapper.cfbundle; includeInIndex = 0; path = CoreData1Tests.xctest; sourceTree = BUILT_PRODUCTS_DIR; };
		8BFB6E9E2D970F60001FC548 /* CoreData1Tests.swift */ = {isa = PBXFileReference; lastKnownFileType = sourcecode.swift; path = CoreData1Tests.swift; sourceTree = "<group>"; };
		8BFB6EA42D970F60001FC548 /* CoreData1UITests.xctest */ = {isa = PBXFileReference; explicitFileType = wrapper.cfbundle; includeInIndex = 0; path = CoreData1UITests.xctest; sourceTree = BUILT_PRODUCTS_DIR; };
		8BFB6EA82D970F60001FC548 /* CoreData1UITests.swift */ = {isa = PBXFileReference; lastKnownFileType = sourcecode.swift; path = CoreData1UITests.swift; sourceTree = "<group>"; };
		8BFB6EAA2D970F60001FC548 /* CoreData1UITestsLaunchTests.swift */ = {isa = PBXFileReference; lastKnownFileType = sourcecode.swift; path = CoreData1UITestsLaunchTests.swift; sourceTree = "<group>"; };
		8BFB6EBB2D9711AB001FC548 /* Car+CoreDataClass.swift */ = {isa = PBXFileReference; lastKnownFileType = sourcecode.swift; path = "Car+CoreDataClass.swift"; sourceTree = "<group>"; };
		8BFB6EBC2D9711AB001FC548 /* Car+CoreDataProperties.swift */ = {isa = PBXFileReference; lastKnownFileType = sourcecode.swift; path = "Car+CoreDataProperties.swift"; sourceTree = "<group>"; };
		8BFB6EBD2D9711AB001FC548 /* Owner+CoreDataClass.swift */ = {isa = PBXFileReference; lastKnownFileType = sourcecode.swift; path = "Owner+CoreDataClass.swift"; sourceTree = "<group>"; };
		8BFB6EBE2D9711AB001FC548 /* Owner+CoreDataProperties.swift */ = {isa = PBXFileReference; lastKnownFileType = sourcecode.swift; path = "Owner+CoreDataProperties.swift"; sourceTree = "<group>"; };
/* End PBXFileReference section */

/* Begin PBXFrameworksBuildPhase section */
		8BFB6E7E2D970F5E001FC548 /* Frameworks */ = {
			isa = PBXFrameworksBuildPhase;
			buildActionMask = 2147483647;
			files = (
			);
			runOnlyForDeploymentPostprocessing = 0;
		};
		8BFB6E972D970F60001FC548 /* Frameworks */ = {
			isa = PBXFrameworksBuildPhase;
			buildActionMask = 2147483647;
			files = (
			);
			runOnlyForDeploymentPostprocessing = 0;
		};
		8BFB6EA12D970F60001FC548 /* Frameworks */ = {
			isa = PBXFrameworksBuildPhase;
			buildActionMask = 2147483647;
			files = (
			);
			runOnlyForDeploymentPostprocessing = 0;
		};
/* End PBXFrameworksBuildPhase section */

/* Begin PBXGroup section */
		8BFB6E782D970F5E001FC548 = {
			isa = PBXGroup;
			children = (
				8BFB6EBB2D9711AB001FC548 /* Car+CoreDataClass.swift */,
				8BFB6EBC2D9711AB001FC548 /* Car+CoreDataProperties.swift */,
				8BFB6EBD2D9711AB001FC548 /* Owner+CoreDataClass.swift */,
				8BFB6EBE2D9711AB001FC548 /* Owner+CoreDataProperties.swift */,
				8BFB6E832D970F5E001FC548 /* CoreData1 */,
				8BFB6E9D2D970F60001FC548 /* CoreData1Tests */,
				8BFB6EA72D970F60001FC548 /* CoreData1UITests */,
				8BFB6E822D970F5E001FC548 /* Products */,
			);
			sourceTree = "<group>";
		};
		8BFB6E822D970F5E001FC548 /* Products */ = {
			isa = PBXGroup;
			children = (
				8BFB6E812D970F5E001FC548 /* CoreData1.app */,
				8BFB6E9A2D970F60001FC548 /* CoreData1Tests.xctest */,
				8BFB6EA42D970F60001FC548 /* CoreData1UITests.xctest */,
			);
			name = Products;
			sourceTree = "<group>";
		};
		8BFB6E832D970F5E001FC548 /* CoreData1 */ = {
			isa = PBXGroup;
			children = (
				8BFB6E842D970F5E001FC548 /* AppDelegate.swift */,
				8BFB6E862D970F5E001FC548 /* SceneDelegate.swift */,
				8BFB6E882D970F5E001FC548 /* ViewController.swift */,
				8BFB6E8A2D970F5E001FC548 /* Main.storyboard */,
				8BFB6E902D970F60001FC548 /* Assets.xcassets */,
				8BFB6E922D970F60001FC548 /* LaunchScreen.storyboard */,
				8BFB6E952D970F60001FC548 /* Info.plist */,
				8BFB6E8D2D970F5E001FC548 /* CoreData1.xcdatamodeld */,
			);
			path = CoreData1;
			sourceTree = "<group>";
		};
		8BFB6E9D2D970F60001FC548 /* CoreData1Tests */ = {
			isa = PBXGroup;
			children = (
				8BFB6E9E2D970F60001FC548 /* CoreData1Tests.swift */,
			);
			path = CoreData1Tests;
			sourceTree = "<group>";
		};
		8BFB6EA72D970F60001FC548 /* CoreData1UITests */ = {
			isa = PBXGroup;
			children = (
				8BFB6EA82D970F60001FC548 /* CoreData1UITests.swift */,
				8BFB6EAA2D970F60001FC548 /* CoreData1UITestsLaunchTests.swift */,
			);
			path = CoreData1UITests;
			sourceTree = "<group>";
		};
/* End PBXGroup section */

/* Begin PBXNativeTarget section */
		8BFB6E802D970F5E001FC548 /* CoreData1 */ = {
			isa = PBXNativeTarget;
			buildConfigurationList = 8BFB6EAE2D970F60001FC548 /* Build configuration list for PBXNativeTarget "CoreData1" */;
			buildPhases = (
				8BFB6E7D2D970F5E001FC548 /* Sources */,
				8BFB6E7E2D970F5E001FC548 /* Frameworks */,
				8BFB6E7F2D970F5E001FC548 /* Resources */,
			);
			buildRules = (
			);
			dependencies = (
			);
			name = CoreData1;
			productName = CoreData1;
			productReference = 8BFB6E812D970F5E001FC548 /* CoreData1.app */;
			productType = "com.apple.product-type.application";
		};
		8BFB6E992D970F60001FC548 /* CoreData1Tests */ = {
			isa = PBXNativeTarget;
			buildConfigurationList = 8BFB6EB12D970F60001FC548 /* Build configuration list for PBXNativeTarget "CoreData1Tests" */;
			buildPhases = (
				8BFB6E962D970F60001FC548 /* Sources */,
				8BFB6E972D970F60001FC548 /* Frameworks */,
				8BFB6E982D970F60001FC548 /* Resources */,
			);
			buildRules = (
			);
			dependencies = (
				8BFB6E9C2D970F60001FC548 /* PBXTargetDependency */,
			);
			name = CoreData1Tests;
			productName = CoreData1Tests;
			productReference = 8BFB6E9A2D970F60001FC548 /* CoreData1Tests.xctest */;
			productType = "com.apple.product-type.bundle.unit-test";
		};
		8BFB6EA32D970F60001FC548 /* CoreData1UITests */ = {
			isa = PBXNativeTarget;
			buildConfigurationList = 8BFB6EB42D970F60001FC548 /* Build configuration list for PBXNativeTarget "CoreData1UITests" */;
			buildPhases = (
				8BFB6EA02D970F60001FC548 /* Sources */,
				8BFB6EA12D970F60001FC548 /* Frameworks */,
				8BFB6EA22D970F60001FC548 /* Resources */,
			);
			buildRules = (
			);
			dependencies = (
				8BFB6EA62D970F60001FC548 /* PBXTargetDependency */,
			);
			name = CoreData1UITests;
			productName = CoreData1UITests;
			productReference = 8BFB6EA42D970F60001FC548 /* CoreData1UITests.xctest */;
			productType = "com.apple.product-type.bundle.ui-testing";
		};
/* End PBXNativeTarget section */

/* Begin PBXProject section */
		8BFB6E792D970F5E001FC548 /* Project object */ = {
			isa = PBXProject;
			attributes = {
				BuildIndependentTargetsInParallel = 1;
				LastSwiftUpdateCheck = 1540;
				LastUpgradeCheck = 1540;
				TargetAttributes = {
					8BFB6E802D970F5E001FC548 = {
						CreatedOnToolsVersion = 15.4;
					};
					8BFB6E992D970F60001FC548 = {
						CreatedOnToolsVersion = 15.4;
						TestTargetID = 8BFB6E802D970F5E001FC548;
					};
					8BFB6EA32D970F60001FC548 = {
						CreatedOnToolsVersion = 15.4;
						TestTargetID = 8BFB6E802D970F5E001FC548;
					};
				};
			};
			buildConfigurationList = 8BFB6E7C2D970F5E001FC548 /* Build configuration list for PBXProject "CoreData1" */;
			compatibilityVersion = "Xcode 14.0";
			developmentRegion = en;
			hasScannedForEncodings = 0;
			knownRegions = (
				en,
				Base,
			);
			mainGroup = 8BFB6E782D970F5E001FC548;
			productRefGroup = 8BFB6E822D970F5E001FC548 /* Products */;
			projectDirPath = "";
			projectRoot = "";
			targets = (
				8BFB6E802D970F5E001FC548 /* CoreData1 */,
				8BFB6E992D970F60001FC548 /* CoreData1Tests */,
				8BFB6EA32D970F60001FC548 /* CoreData1UITests */,
			);
		};
/* End PBXProject section */

/* Begin PBXResourcesBuildPhase section */
		8BFB6E7F2D970F5E001FC548 /* Resources */ = {
			isa = PBXResourcesBuildPhase;
			buildActionMask = 2147483647;
			files = (
				8BFB6E912D970F60001FC548 /* Assets.xcassets in Resources */,
				8BFB6E942D970F60001FC548 /* Base in Resources */,
				8BFB6E8C2D970F5E001FC548 /* Base in Resources */,
			);
			runOnlyForDeploymentPostprocessing = 0;
		};
		8BFB6E982D970F60001FC548 /* Resources */ = {
			isa = PBXResourcesBuildPhase;
			buildActionMask = 2147483647;
			files = (
			);
			runOnlyForDeploymentPostprocessing = 0;
		};
		8BFB6EA22D970F60001FC548 /* Resources */ = {
			isa = PBXResourcesBuildPhase;
			buildActionMask = 2147483647;
			files = (
			);
			runOnlyForDeploymentPostprocessing = 0;
		};
/* End PBXResourcesBuildPhase section */

/* Begin PBXSourcesBuildPhase section */
		8BFB6E7D2D970F5E001FC548 /* Sources */ = {
			isa = PBXSourcesBuildPhase;
			buildActionMask = 2147483647;
			files = (
				8BFB6E892D970F5E001FC548 /* ViewController.swift in Sources */,
				8BFB6E852D970F5E001FC548 /* AppDelegate.swift in Sources */,
				8BFB6E8F2D970F5E001FC548 /* CoreData1.xcdatamodeld in Sources */,
				8BFB6E872D970F5E001FC548 /* SceneDelegate.swift in Sources */,
				8BFB6EBF2D9711AB001FC548 /* Car+CoreDataClass.swift in Sources */,
				8BFB6EC02D9711AB001FC548 /* Car+CoreDataProperties.swift in Sources */,
				8BFB6EC12D9711AB001FC548 /* Owner+CoreDataClass.swift in Sources */,
				8BFB6EC22D9711AB001FC548 /* Owner+CoreDataProperties.swift in Sources */,
			);
			runOnlyForDeploymentPostprocessing = 0;
		};
		8BFB6E962D970F60001FC548 /* Sources */ = {
			isa = PBXSourcesBuildPhase;
			buildActionMask = 2147483647;
			files = (
				8BFB6E9F2D970F60001FC548 /* CoreData1Tests.swift in Sources */,
			);
			runOnlyForDeploymentPostprocessing = 0;
		};
		8BFB6EA02D970F60001FC548 /* Sources */ = {
			isa = PBXSourcesBuildPhase;
			buildActionMask = 2147483647;
			files = (
				8BFB6EA92D970F60001FC548 /* CoreData1UITests.swift in Sources */,
				8BFB6EAB2D970F60001FC548 /* CoreData1UITestsLaunchTests.swift in Sources */,
			);
			runOnlyForDeploymentPostprocessing = 0;
		};
/* End PBXSourcesBuildPhase section */

/* Begin PBXTargetDependency section */
		8BFB6E9C2D970F60001FC548 /* PBXTargetDependency */ = {
			isa = PBXTargetDependency;
			target = 8BFB6E802D970F5E001FC548 /* CoreData1 */;
			targetProxy = 8BFB6E9B2D970F60001FC548 /* PBXContainerItemProxy */;
		};
		8BFB6EA62D970F60001FC548 /* PBXTargetDependency */ = {
			isa = PBXTargetDependency;
			target = 8BFB6E802D970F5E001FC548 /* CoreData1 */;
			targetProxy = 8BFB6EA52D970F60001FC548 /* PBXContainerItemProxy */;
		};
/* End PBXTargetDependency section */

/* Begin PBXVariantGroup section */
		8BFB6E8A2D970F5E001FC548 /* Main.storyboard */ = {
			isa = PBXVariantGroup;
			children = (
				8BFB6E8B2D970F5E001FC548 /* Base */,
			);
			name = Main.storyboard;
			sourceTree = "<group>";
		};
		8BFB6E922D970F60001FC548 /* LaunchScreen.storyboard */ = {
			isa = PBXVariantGroup;
			children = (
				8BFB6E932D970F60001FC548 /* Base */,
			);
			name = LaunchScreen.storyboard;
			sourceTree = "<group>";
		};
/* End PBXVariantGroup section */

/* Begin XCBuildConfiguration section */
		8BFB6EAC2D970F60001FC548 /* Debug */ = {
			isa = XCBuildConfiguration;
			buildSettings = {
				ALWAYS_SEARCH_USER_PATHS = NO;
				ASSETCATALOG_COMPILER_GENERATE_SWIFT_ASSET_SYMBOL_EXTENSIONS = YES;
				CLANG_ANALYZER_NONNULL = YES;
				CLANG_ANALYZER_NUMBER_OBJECT_CONVERSION = YES_AGGRESSIVE;
				CLANG_CXX_LANGUAGE_STANDARD = "gnu++20";
				CLANG_ENABLE_MODULES = YES;
				CLANG_ENABLE_OBJC_ARC = YES;
				CLANG_ENABLE_OBJC_WEAK = YES;
				CLANG_WARN_BLOCK_CAPTURE_AUTORELEASING = YES;
				CLANG_WARN_BOOL_CONVERSION = YES;
				CLANG_WARN_COMMA = YES;
				CLANG_WARN_CONSTANT_CONVERSION = YES;
				CLANG_WARN_DEPRECATED_OBJC_IMPLEMENTATIONS = YES;
				CLANG_WARN_DIRECT_OBJC_ISA_USAGE = YES_ERROR;
				CLANG_WARN_DOCUMENTATION_COMMENTS = YES;
				CLANG_WARN_EMPTY_BODY = YES;
				CLANG_WARN_ENUM_CONVERSION = YES;
				CLANG_WARN_INFINITE_RECURSION = YES;
				CLANG_WARN_INT_CONVERSION = YES;
				CLANG_WARN_NON_LITERAL_NULL_CONVERSION = YES;
				CLANG_WARN_OBJC_IMPLICIT_RETAIN_SELF = YES;
				CLANG_WARN_OBJC_LITERAL_CONVERSION = YES;
				CLANG_WARN_OBJC_ROOT_CLASS = YES_ERROR;
				CLANG_WARN_QUOTED_INCLUDE_IN_FRAMEWORK_HEADER = YES;
				CLANG_WARN_RANGE_LOOP_ANALYSIS = YES;
				CLANG_WARN_STRICT_PROTOTYPES = YES;
				CLANG_WARN_SUSPICIOUS_MOVE = YES;
				CLANG_WARN_UNGUARDED_AVAILABILITY = YES_AGGRESSIVE;
				CLANG_WARN_UNREACHABLE_CODE = YES;
				CLANG_WARN__DUPLICATE_METHOD_MATCH = YES;
				COPY_PHASE_STRIP = NO;
				DEBUG_INFORMATION_FORMAT = dwarf;
				ENABLE_STRICT_OBJC_MSGSEND = YES;
				ENABLE_TESTABILITY = YES;
				ENABLE_USER_SCRIPT_SANDBOXING = YES;
				GCC_C_LANGUAGE_STANDARD = gnu17;
				GCC_DYNAMIC_NO_PIC = NO;
				GCC_NO_COMMON_BLOCKS = YES;
				GCC_OPTIMIZATION_LEVEL = 0;
				GCC_PREPROCESSOR_DEFINITIONS = (
					"DEBUG=1",
					"$(inherited)",
				);
				GCC_WARN_64_TO_32_BIT_CONVERSION = YES;
				GCC_WARN_ABOUT_RETURN_TYPE = YES_ERROR;
				GCC_WARN_UNDECLARED_SELECTOR = YES;
				GCC_WARN_UNINITIALIZED_AUTOS = YES_AGGRESSIVE;
				GCC_WARN_UNUSED_FUNCTION = YES;
				GCC_WARN_UNUSED_VARIABLE = YES;
				IPHONEOS_DEPLOYMENT_TARGET = 17.5;
				LOCALIZATION_PREFERS_STRING_CATALOGS = YES;
				MTL_ENABLE_DEBUG_INFO = INCLUDE_SOURCE;
				MTL_FAST_MATH = YES;
				ONLY_ACTIVE_ARCH = YES;
				SDKROOT = iphoneos;
				SWIFT_ACTIVE_COMPILATION_CONDITIONS = "DEBUG $(inherited)";
				SWIFT_OPTIMIZATION_LEVEL = "-Onone";
			};
			name = Debug;
		};
		8BFB6EAD2D970F60001FC548 /* Release */ = {
			isa = XCBuildConfiguration;
			buildSettings = {
				ALWAYS_SEARCH_USER_PATHS = NO;
				ASSETCATALOG_COMPILER_GENERATE_SWIFT_ASSET_SYMBOL_EXTENSIONS = YES;
				CLANG_ANALYZER_NONNULL = YES;
				CLANG_ANALYZER_NUMBER_OBJECT_CONVERSION = YES_AGGRESSIVE;
				CLANG_CXX_LANGUAGE_STANDARD = "gnu++20";
				CLANG_ENABLE_MODULES = YES;
				CLANG_ENABLE_OBJC_ARC = YES;
				CLANG_ENABLE_OBJC_WEAK = YES;
				CLANG_WARN_BLOCK_CAPTURE_AUTORELEASING = YES;
				CLANG_WARN_BOOL_CONVERSION = YES;
				CLANG_WARN_COMMA = YES;
				CLANG_WARN_CONSTANT_CONVERSION = YES;
				CLANG_WARN_DEPRECATED_OBJC_IMPLEMENTATIONS = YES;
				CLANG_WARN_DIRECT_OBJC_ISA_USAGE = YES_ERROR;
				CLANG_WARN_DOCUMENTATION_COMMENTS = YES;
				CLANG_WARN_EMPTY_BODY = YES;
				CLANG_WARN_ENUM_CONVERSION = YES;
				CLANG_WARN_INFINITE_RECURSION = YES;
				CLANG_WARN_INT_CONVERSION = YES;
				CLANG_WARN_NON_LITERAL_NULL_CONVERSION = YES;
				CLANG_WARN_OBJC_IMPLICIT_RETAIN_SELF = YES;
				CLANG_WARN_OBJC_LITERAL_CONVERSION = YES;
				CLANG_WARN_OBJC_ROOT_CLASS = YES_ERROR;
				CLANG_WARN_QUOTED_INCLUDE_IN_FRAMEWORK_HEADER = YES;
				CLANG_WARN_RANGE_LOOP_ANALYSIS = YES;
				CLANG_WARN_STRICT_PROTOTYPES = YES;
				CLANG_WARN_SUSPICIOUS_MOVE = YES;
				CLANG_WARN_UNGUARDED_AVAILABILITY = YES_AGGRESSIVE;
				CLANG_WARN_UNREACHABLE_CODE = YES;
				CLANG_WARN__DUPLICATE_METHOD_MATCH = YES;
				COPY_PHASE_STRIP = NO;
				DEBUG_INFORMATION_FORMAT = "dwarf-with-dsym";
				ENABLE_NS_ASSERTIONS = NO;
				ENABLE_STRICT_OBJC_MSGSEND = YES;
				ENABLE_USER_SCRIPT_SANDBOXING = YES;
				GCC_C_LANGUAGE_STANDARD = gnu17;
				GCC_NO_COMMON_BLOCKS = YES;
				GCC_WARN_64_TO_32_BIT_CONVERSION = YES;
				GCC_WARN_ABOUT_RETURN_TYPE = YES_ERROR;
				GCC_WARN_UNDECLARED_SELECTOR = YES;
				GCC_WARN_UNINITIALIZED_AUTOS = YES_AGGRESSIVE;
				GCC_WARN_UNUSED_FUNCTION = YES;
				GCC_WARN_UNUSED_VARIABLE = YES;
				IPHONEOS_DEPLOYMENT_TARGET = 17.5;
				LOCALIZATION_PREFERS_STRING_CATALOGS = YES;
				MTL_ENABLE_DEBUG_INFO = NO;
				MTL_FAST_MATH = YES;
				SDKROOT = iphoneos;
				SWIFT_COMPILATION_MODE = wholemodule;
				VALIDATE_PRODUCT = YES;
			};
			name = Release;
		};
		8BFB6EAF2D970F60001FC548 /* Debug */ = {
			isa = XCBuildConfiguration;
			buildSettings = {
				ASSETCATALOG_COMPILER_APPICON_NAME = AppIcon;
				ASSETCATALOG_COMPILER_GLOBAL_ACCENT_COLOR_NAME = AccentColor;
				CODE_SIGN_STYLE = Automatic;
				CURRENT_PROJECT_VERSION = 1;
				GENERATE_INFOPLIST_FILE = YES;
				INFOPLIST_FILE = CoreData1/Info.plist;
				INFOPLIST_KEY_UIApplicationSupportsIndirectInputEvents = YES;
				INFOPLIST_KEY_UILaunchStoryboardName = LaunchScreen;
				INFOPLIST_KEY_UIMainStoryboardFile = Main;
				INFOPLIST_KEY_UISupportedInterfaceOrientations_iPad = "UIInterfaceOrientationPortrait UIInterfaceOrientationPortraitUpsideDown UIInterfaceOrientationLandscapeLeft UIInterfaceOrientationLandscapeRight";
				INFOPLIST_KEY_UISupportedInterfaceOrientations_iPhone = "UIInterfaceOrientationPortrait UIInterfaceOrientationLandscapeLeft UIInterfaceOrientationLandscapeRight";
				LD_RUNPATH_SEARCH_PATHS = (
					"$(inherited)",
					"@executable_path/Frameworks",
				);
				MARKETING_VERSION = 1.0;
				PRODUCT_BUNDLE_IDENTIFIER = humber.ca.CoreData1;
				PRODUCT_NAME = "$(TARGET_NAME)";
				SWIFT_EMIT_LOC_STRINGS = YES;
				SWIFT_VERSION = 5.0;
				TARGETED_DEVICE_FAMILY = "1,2";
			};
			name = Debug;
		};
		8BFB6EB02D970F60001FC548 /* Release */ = {
			isa = XCBuildConfiguration;
			buildSettings = {
				ASSETCATALOG_COMPILER_APPICON_NAME = AppIcon;
				ASSETCATALOG_COMPILER_GLOBAL_ACCENT_COLOR_NAME = AccentColor;
				CODE_SIGN_STYLE = Automatic;
				CURRENT_PROJECT_VERSION = 1;
				GENERATE_INFOPLIST_FILE = YES;
				INFOPLIST_FILE = CoreData1/Info.plist;
				INFOPLIST_KEY_UIApplicationSupportsIndirectInputEvents = YES;
				INFOPLIST_KEY_UILaunchStoryboardName = LaunchScreen;
				INFOPLIST_KEY_UIMainStoryboardFile = Main;
				INFOPLIST_KEY_UISupportedInterfaceOrientations_iPad = "UIInterfaceOrientationPortrait UIInterfaceOrientationPortraitUpsideDown UIInterfaceOrientationLandscapeLeft UIInterfaceOrientationLandscapeRight";
				INFOPLIST_KEY_UISupportedInterfaceOrientations_iPhone = "UIInterfaceOrientationPortrait UIInterfaceOrientationLandscapeLeft UIInterfaceOrientationLandscapeRight";
				LD_RUNPATH_SEARCH_PATHS = (
					"$(inherited)",
					"@executable_path/Frameworks",
				);
				MARKETING_VERSION = 1.0;
				PRODUCT_BUNDLE_IDENTIFIER = humber.ca.CoreData1;
				PRODUCT_NAME = "$(TARGET_NAME)";
				SWIFT_EMIT_LOC_STRINGS = YES;
				SWIFT_VERSION = 5.0;
				TARGETED_DEVICE_FAMILY = "1,2";
			};
			name = Release;
		};
		8BFB6EB22D970F60001FC548 /* Debug */ = {
			isa = XCBuildConfiguration;
			buildSettings = {
				ALWAYS_EMBED_SWIFT_STANDARD_LIBRARIES = YES;
				BUNDLE_LOADER = "$(TEST_HOST)";
				CODE_SIGN_STYLE = Automatic;
				CURRENT_PROJECT_VERSION = 1;
				GENERATE_INFOPLIST_FILE = YES;
				IPHONEOS_DEPLOYMENT_TARGET = 17.5;
				MARKETING_VERSION = 1.0;
				PRODUCT_BUNDLE_IDENTIFIER = humber.ca.CoreData1Tests;
				PRODUCT_NAME = "$(TARGET_NAME)";
				SWIFT_EMIT_LOC_STRINGS = NO;
				SWIFT_VERSION = 5.0;
				TARGETED_DEVICE_FAMILY = "1,2";
				TEST_HOST = "$(BUILT_PRODUCTS_DIR)/CoreData1.app/$(BUNDLE_EXECUTABLE_FOLDER_PATH)/CoreData1";
			};
			name = Debug;
		};
		8BFB6EB32D970F60001FC548 /* Release */ = {
			isa = XCBuildConfiguration;
			buildSettings = {
				ALWAYS_EMBED_SWIFT_STANDARD_LIBRARIES = YES;
				BUNDLE_LOADER = "$(TEST_HOST)";
				CODE_SIGN_STYLE = Automatic;
				CURRENT_PROJECT_VERSION = 1;
				GENERATE_INFOPLIST_FILE = YES;
				IPHONEOS_DEPLOYMENT_TARGET = 17.5;
				MARKETING_VERSION = 1.0;
				PRODUCT_BUNDLE_IDENTIFIER = humber.ca.CoreData1Tests;
				PRODUCT_NAME = "$(TARGET_NAME)";
				SWIFT_EMIT_LOC_STRINGS = NO;
				SWIFT_VERSION = 5.0;
				TARGETED_DEVICE_FAMILY = "1,2";
				TEST_HOST = "$(BUILT_PRODUCTS_DIR)/CoreData1.app/$(BUNDLE_EXECUTABLE_FOLDER_PATH)/CoreData1";
			};
			name = Release;
		};
		8BFB6EB52D970F60001FC548 /* Debug */ = {
			isa = XCBuildConfiguration;
			buildSettings = {
				ALWAYS_EMBED_SWIFT_STANDARD_LIBRARIES = YES;
				CODE_SIGN_STYLE = Automatic;
				CURRENT_PROJECT_VERSION = 1;
				GENERATE_INFOPLIST_FILE = YES;
				MARKETING_VERSION = 1.0;
				PRODUCT_BUNDLE_IDENTIFIER = humber.ca.CoreData1UITests;
				PRODUCT_NAME = "$(TARGET_NAME)";
				SWIFT_EMIT_LOC_STRINGS = NO;
				SWIFT_VERSION = 5.0;
				TARGETED_DEVICE_FAMILY = "1,2";
				TEST_TARGET_NAME = CoreData1;
			};
			name = Debug;
		};
		8BFB6EB62D970F60001FC548 /* Release */ = {
			isa = XCBuildConfiguration;
			buildSettings = {
				ALWAYS_EMBED_SWIFT_STANDARD_LIBRARIES = YES;
				CODE_SIGN_STYLE = Automatic;
				CURRENT_PROJECT_VERSION = 1;
				GENERATE_INFOPLIST_FILE = YES;
				MARKETING_VERSION = 1.0;
				PRODUCT_BUNDLE_IDENTIFIER = humber.ca.CoreData1UITests;
				PRODUCT_NAME = "$(TARGET_NAME)";
				SWIFT_EMIT_LOC_STRINGS = NO;
				SWIFT_VERSION = 5.0;
				TARGETED_DEVICE_FAMILY = "1,2";
				TEST_TARGET_NAME = CoreData1;
			};
			name = Release;
		};
/* End XCBuildConfiguration section */

/* Begin XCConfigurationList section */
		8BFB6E7C2D970F5E001FC548 /* Build configuration list for PBXProject "CoreData1" */ = {
			isa = XCConfigurationList;
			buildConfigurations = (
				8BFB6EAC2D970F60001FC548 /* Debug */,
				8BFB6EAD2D970F60001FC548 /* Release */,
			);
			defaultConfigurationIsVisible = 0;
			defaultConfigurationName = Release;
		};
		8BFB6EAE2D970F60001FC548 /* Build configuration list for PBXNativeTarget "CoreData1" */ = {
			isa = XCConfigurationList;
			buildConfigurations = (
				8BFB6EAF2D970F60001FC548 /* Debug */,
				8BFB6EB02D970F60001FC548 /* Release */,
			);
			defaultConfigurationIsVisible = 0;
			defaultConfigurationName = Release;
		};
		8BFB6EB12D970F60001FC548 /* Build configuration list for PBXNativeTarget "CoreData1Tests" */ = {
			isa = XCConfigurationList;
			buildConfigurations = (
				8BFB6EB22D970F60001FC548 /* Debug */,
				8BFB6EB32D970F60001FC548 /* Release */,
			);
			defaultConfigurationIsVisible = 0;
			defaultConfigurationName = Release;
		};
		8BFB6EB42D970F60001FC548 /* Build configuration list for PBXNativeTarget "CoreData1UITests" */ = {
			isa = XCConfigurationList;
			buildConfigurations = (
				8BFB6EB52D970F60001FC548 /* Debug */,
				8BFB6EB62D970F60001FC548 /* Release */,
			);
			defaultConfigurationIsVisible = 0;
			defaultConfigurationName = Release;
		};
/* End XCConfigurationList section */

/* Begin XCVersionGroup section */
		8BFB6E8D2D970F5E001FC548 /* CoreData1.xcdatamodeld */ = {
			isa = XCVersionGroup;
			children = (
				8BFB6E8E2D970F5E001FC548 /* CoreData1.xcdatamodel */,
			);
			currentVersion = 8BFB6E8E2D970F5E001FC548 /* CoreData1.xcdatamodel */;
			path = CoreData1.xcdatamodeld;
			sourceTree = "<group>";
			versionGroupType = wrapper.xcdatamodel;
		};
/* End XCVersionGroup section */
	};
	rootObject = 8BFB6E792D970F5E001FC548 /* Project object */;
}
