// !$*UTF8*$!
{
	archiveVersion = 1;
	classes = {
	};
	objectVersion = 56;
	objects = {

/* Begin PBXBuildFile section */
		8B7C12F02DA986BC00FE973B /* AppDelegate.swift in Sources */ = {isa = PBXBuildFile; fileRef = 8B7C12EF2DA986BC00FE973B /* AppDelegate.swift */; };
		8B7C12F22DA986BC00FE973B /* SceneDelegate.swift in Sources */ = {isa = PBXBuildFile; fileRef = 8B7C12F12DA986BC00FE973B /* SceneDelegate.swift */; };
		8B7C12F42DA986BC00FE973B /* ViewController.swift in Sources */ = {isa = PBXBuildFile; fileRef = 8B7C12F32DA986BC00FE973B /* ViewController.swift */; };
		8B7C12F72DA986BC00FE973B /* Base in Resources */ = {isa = PBXBuildFile; fileRef = 8B7C12F62DA986BC00FE973B /* Base */; };
		8B7C12F92DA986BE00FE973B /* Assets.xcassets in Resources */ = {isa = PBXBuildFile; fileRef = 8B7C12F82DA986BE00FE973B /* Assets.xcassets */; };
		8B7C12FC2DA986BE00FE973B /* Base in Resources */ = {isa = PBXBuildFile; fileRef = 8B7C12FB2DA986BE00FE973B /* Base */; };
		8B7C13072DA986BE00FE973B /* Test2Tests.swift in Sources */ = {isa = PBXBuildFile; fileRef = 8B7C13062DA986BE00FE973B /* Test2Tests.swift */; };
		8B7C13112DA986BE00FE973B /* Test2UITests.swift in Sources */ = {isa = PBXBuildFile; fileRef = 8B7C13102DA986BE00FE973B /* Test2UITests.swift */; };
		8B7C13132DA986BE00FE973B /* Test2UITestsLaunchTests.swift in Sources */ = {isa = PBXBuildFile; fileRef = 8B7C13122DA986BE00FE973B /* Test2UITestsLaunchTests.swift */; };
		8B7C13202DA986EA00FE973B /* NetworkManger.swift in Sources */ = {isa = PBXBuildFile; fileRef = 8B7C131F2DA986EA00FE973B /* NetworkManger.swift */; };
		8B7C13222DA989DF00FE973B /* DrinkModels.swift in Sources */ = {isa = PBXBuildFile; fileRef = 8B7C13212DA989DF00FE973B /* DrinkModels.swift */; };
		8B7C13242DA98D6800FE973B /* DrinkDetailsViewController.swift in Sources */ = {isa = PBXBuildFile; fileRef = 8B7C13232DA98D6800FE973B /* DrinkDetailsViewController.swift */; };
/* End PBXBuildFile section */

/* Begin PBXContainerItemProxy section */
		8B7C13032DA986BE00FE973B /* PBXContainerItemProxy */ = {
			isa = PBXContainerItemProxy;
			containerPortal = 8B7C12E42DA986BC00FE973B /* Project object */;
			proxyType = 1;
			remoteGlobalIDString = 8B7C12EB2DA986BC00FE973B;
			remoteInfo = Test2;
		};
		8B7C130D2DA986BE00FE973B /* PBXContainerItemProxy */ = {
			isa = PBXContainerItemProxy;
			containerPortal = 8B7C12E42DA986BC00FE973B /* Project object */;
			proxyType = 1;
			remoteGlobalIDString = 8B7C12EB2DA986BC00FE973B;
			remoteInfo = Test2;
		};
/* End PBXContainerItemProxy section */

/* Begin PBXFileReference section */
		8B7C12EC2DA986BC00FE973B /* Test2.app */ = {isa = PBXFileReference; explicitFileType = wrapper.application; includeInIndex = 0; path = Test2.app; sourceTree = BUILT_PRODUCTS_DIR; };
		8B7C12EF2DA986BC00FE973B /* AppDelegate.swift */ = {isa = PBXFileReference; lastKnownFileType = sourcecode.swift; path = AppDelegate.swift; sourceTree = "<group>"; };
		8B7C12F12DA986BC00FE973B /* SceneDelegate.swift */ = {isa = PBXFileReference; lastKnownFileType = sourcecode.swift; path = SceneDelegate.swift; sourceTree = "<group>"; };
		8B7C12F32DA986BC00FE973B /* ViewController.swift */ = {isa = PBXFileReference; lastKnownFileType = sourcecode.swift; path = ViewController.swift; sourceTree = "<group>"; };
		8B7C12F62DA986BC00FE973B /* Base */ = {isa = PBXFileReference; lastKnownFileType = file.storyboard; name = Base; path = Base.lproj/Main.storyboard; sourceTree = "<group>"; };
		8B7C12F82DA986BE00FE973B /* Assets.xcassets */ = {isa = PBXFileReference; lastKnownFileType = folder.assetcatalog; path = Assets.xcassets; sourceTree = "<group>"; };
		8B7C12FB2DA986BE00FE973B /* Base */ = {isa = PBXFileReference; lastKnownFileType = file.storyboard; name = Base; path = Base.lproj/LaunchScreen.storyboard; sourceTree = "<group>"; };
		8B7C12FD2DA986BE00FE973B /* Info.plist */ = {isa = PBXFileReference; lastKnownFileType = text.plist.xml; path = Info.plist; sourceTree = "<group>"; };
		8B7C13022DA986BE00FE973B /* Test2Tests.xctest */ = {isa = PBXFileReference; explicitFileType = wrapper.cfbundle; includeInIndex = 0; path = Test2Tests.xctest; sourceTree = BUILT_PRODUCTS_DIR; };
		8B7C13062DA986BE00FE973B /* Test2Tests.swift */ = {isa = PBXFileReference; lastKnownFileType = sourcecode.swift; path = Test2Tests.swift; sourceTree = "<group>"; };
		8B7C130C2DA986BE00FE973B /* Test2UITests.xctest */ = {isa = PBXFileReference; explicitFileType = wrapper.cfbundle; includeInIndex = 0; path = Test2UITests.xctest; sourceTree = BUILT_PRODUCTS_DIR; };
		8B7C13102DA986BE00FE973B /* Test2UITests.swift */ = {isa = PBXFileReference; lastKnownFileType = sourcecode.swift; path = Test2UITests.swift; sourceTree = "<group>"; };
		8B7C13122DA986BE00FE973B /* Test2UITestsLaunchTests.swift */ = {isa = PBXFileReference; lastKnownFileType = sourcecode.swift; path = Test2UITestsLaunchTests.swift; sourceTree = "<group>"; };
		8B7C131F2DA986EA00FE973B /* NetworkManger.swift */ = {isa = PBXFileReference; lastKnownFileType = sourcecode.swift; path = NetworkManger.swift; sourceTree = "<group>"; };
		8B7C13212DA989DF00FE973B /* DrinkModels.swift */ = {isa = PBXFileReference; lastKnownFileType = sourcecode.swift; path = DrinkModels.swift; sourceTree = "<group>"; };
		8B7C13232DA98D6800FE973B /* DrinkDetailsViewController.swift */ = {isa = PBXFileReference; lastKnownFileType = sourcecode.swift; path = DrinkDetailsViewController.swift; sourceTree = "<group>"; };
/* End PBXFileReference section */

/* Begin PBXFrameworksBuildPhase section */
		8B7C12E92DA986BC00FE973B /* Frameworks */ = {
			isa = PBXFrameworksBuildPhase;
			buildActionMask = 2147483647;
			files = (
			);
			runOnlyForDeploymentPostprocessing = 0;
		};
		8B7C12FF2DA986BE00FE973B /* Frameworks */ = {
			isa = PBXFrameworksBuildPhase;
			buildActionMask = 2147483647;
			files = (
			);
			runOnlyForDeploymentPostprocessing = 0;
		};
		8B7C13092DA986BE00FE973B /* Frameworks */ = {
			isa = PBXFrameworksBuildPhase;
			buildActionMask = 2147483647;
			files = (
			);
			runOnlyForDeploymentPostprocessing = 0;
		};
/* End PBXFrameworksBuildPhase section */

/* Begin PBXGroup section */
		8B7C12E32DA986BC00FE973B = {
			isa = PBXGroup;
			children = (
				8B7C12EE2DA986BC00FE973B /* Test2 */,
				8B7C13052DA986BE00FE973B /* Test2Tests */,
				8B7C130F2DA986BE00FE973B /* Test2UITests */,
				8B7C12ED2DA986BC00FE973B /* Products */,
			);
			sourceTree = "<group>";
		};
		8B7C12ED2DA986BC00FE973B /* Products */ = {
			isa = PBXGroup;
			children = (
				8B7C12EC2DA986BC00FE973B /* Test2.app */,
				8B7C13022DA986BE00FE973B /* Test2Tests.xctest */,
				8B7C130C2DA986BE00FE973B /* Test2UITests.xctest */,
			);
			name = Products;
			sourceTree = "<group>";
		};
		8B7C12EE2DA986BC00FE973B /* Test2 */ = {
			isa = PBXGroup;
			children = (
				8B7C12EF2DA986BC00FE973B /* AppDelegate.swift */,
				8B7C12F12DA986BC00FE973B /* SceneDelegate.swift */,
				8B7C12F32DA986BC00FE973B /* ViewController.swift */,
				8B7C12F52DA986BC00FE973B /* Main.storyboard */,
				8B7C12F82DA986BE00FE973B /* Assets.xcassets */,
				8B7C12FA2DA986BE00FE973B /* LaunchScreen.storyboard */,
				8B7C12FD2DA986BE00FE973B /* Info.plist */,
				8B7C131F2DA986EA00FE973B /* NetworkManger.swift */,
				8B7C13212DA989DF00FE973B /* DrinkModels.swift */,
				8B7C13232DA98D6800FE973B /* DrinkDetailsViewController.swift */,
			);
			path = Test2;
			sourceTree = "<group>";
		};
		8B7C13052DA986BE00FE973B /* Test2Tests */ = {
			isa = PBXGroup;
			children = (
				8B7C13062DA986BE00FE973B /* Test2Tests.swift */,
			);
			path = Test2Tests;
			sourceTree = "<group>";
		};
		8B7C130F2DA986BE00FE973B /* Test2UITests */ = {
			isa = PBXGroup;
			children = (
				8B7C13102DA986BE00FE973B /* Test2UITests.swift */,
				8B7C13122DA986BE00FE973B /* Test2UITestsLaunchTests.swift */,
			);
			path = Test2UITests;
			sourceTree = "<group>";
		};
/* End PBXGroup section */

/* Begin PBXNativeTarget section */
		8B7C12EB2DA986BC00FE973B /* Test2 */ = {
			isa = PBXNativeTarget;
			buildConfigurationList = 8B7C13162DA986BE00FE973B /* Build configuration list for PBXNativeTarget "Test2" */;
			buildPhases = (
				8B7C12E82DA986BC00FE973B /* Sources */,
				8B7C12E92DA986BC00FE973B /* Frameworks */,
				8B7C12EA2DA986BC00FE973B /* Resources */,
			);
			buildRules = (
			);
			dependencies = (
			);
			name = Test2;
			productName = Test2;
			productReference = 8B7C12EC2DA986BC00FE973B /* Test2.app */;
			productType = "com.apple.product-type.application";
		};
		8B7C13012DA986BE00FE973B /* Test2Tests */ = {
			isa = PBXNativeTarget;
			buildConfigurationList = 8B7C13192DA986BE00FE973B /* Build configuration list for PBXNativeTarget "Test2Tests" */;
			buildPhases = (
				8B7C12FE2DA986BE00FE973B /* Sources */,
				8B7C12FF2DA986BE00FE973B /* Frameworks */,
				8B7C13002DA986BE00FE973B /* Resources */,
			);
			buildRules = (
			);
			dependencies = (
				8B7C13042DA986BE00FE973B /* PBXTargetDependency */,
			);
			name = Test2Tests;
			productName = Test2Tests;
			productReference = 8B7C13022DA986BE00FE973B /* Test2Tests.xctest */;
			productType = "com.apple.product-type.bundle.unit-test";
		};
		8B7C130B2DA986BE00FE973B /* Test2UITests */ = {
			isa = PBXNativeTarget;
			buildConfigurationList = 8B7C131C2DA986BE00FE973B /* Build configuration list for PBXNativeTarget "Test2UITests" */;
			buildPhases = (
				8B7C13082DA986BE00FE973B /* Sources */,
				8B7C13092DA986BE00FE973B /* Frameworks */,
				8B7C130A2DA986BE00FE973B /* Resources */,
			);
			buildRules = (
			);
			dependencies = (
				8B7C130E2DA986BE00FE973B /* PBXTargetDependency */,
			);
			name = Test2UITests;
			productName = Test2UITests;
			productReference = 8B7C130C2DA986BE00FE973B /* Test2UITests.xctest */;
			productType = "com.apple.product-type.bundle.ui-testing";
		};
/* End PBXNativeTarget section */

/* Begin PBXProject section */
		8B7C12E42DA986BC00FE973B /* Project object */ = {
			isa = PBXProject;
			attributes = {
				BuildIndependentTargetsInParallel = 1;
				LastSwiftUpdateCheck = 1540;
				LastUpgradeCheck = 1540;
				TargetAttributes = {
					8B7C12EB2DA986BC00FE973B = {
						CreatedOnToolsVersion = 15.4;
					};
					8B7C13012DA986BE00FE973B = {
						CreatedOnToolsVersion = 15.4;
						TestTargetID = 8B7C12EB2DA986BC00FE973B;
					};
					8B7C130B2DA986BE00FE973B = {
						CreatedOnToolsVersion = 15.4;
						TestTargetID = 8B7C12EB2DA986BC00FE973B;
					};
				};
			};
			buildConfigurationList = 8B7C12E72DA986BC00FE973B /* Build configuration list for PBXProject "Test2" */;
			compatibilityVersion = "Xcode 14.0";
			developmentRegion = en;
			hasScannedForEncodings = 0;
			knownRegions = (
				en,
				Base,
			);
			mainGroup = 8B7C12E32DA986BC00FE973B;
			productRefGroup = 8B7C12ED2DA986BC00FE973B /* Products */;
			projectDirPath = "";
			projectRoot = "";
			targets = (
				8B7C12EB2DA986BC00FE973B /* Test2 */,
				8B7C13012DA986BE00FE973B /* Test2Tests */,
				8B7C130B2DA986BE00FE973B /* Test2UITests */,
			);
		};
/* End PBXProject section */

/* Begin PBXResourcesBuildPhase section */
		8B7C12EA2DA986BC00FE973B /* Resources */ = {
			isa = PBXResourcesBuildPhase;
			buildActionMask = 2147483647;
			files = (
				8B7C12F92DA986BE00FE973B /* Assets.xcassets in Resources */,
				8B7C12FC2DA986BE00FE973B /* Base in Resources */,
				8B7C12F72DA986BC00FE973B /* Base in Resources */,
			);
			runOnlyForDeploymentPostprocessing = 0;
		};
		8B7C13002DA986BE00FE973B /* Resources */ = {
			isa = PBXResourcesBuildPhase;
			buildActionMask = 2147483647;
			files = (
			);
			runOnlyForDeploymentPostprocessing = 0;
		};
		8B7C130A2DA986BE00FE973B /* Resources */ = {
			isa = PBXResourcesBuildPhase;
			buildActionMask = 2147483647;
			files = (
			);
			runOnlyForDeploymentPostprocessing = 0;
		};
/* End PBXResourcesBuildPhase section */

/* Begin PBXSourcesBuildPhase section */
		8B7C12E82DA986BC00FE973B /* Sources */ = {
			isa = PBXSourcesBuildPhase;
			buildActionMask = 2147483647;
			files = (
				8B7C13242DA98D6800FE973B /* DrinkDetailsViewController.swift in Sources */,
				8B7C13222DA989DF00FE973B /* DrinkModels.swift in Sources */,
				8B7C12F42DA986BC00FE973B /* ViewController.swift in Sources */,
				8B7C12F02DA986BC00FE973B /* AppDelegate.swift in Sources */,
				8B7C13202DA986EA00FE973B /* NetworkManger.swift in Sources */,
				8B7C12F22DA986BC00FE973B /* SceneDelegate.swift in Sources */,
			);
			runOnlyForDeploymentPostprocessing = 0;
		};
		8B7C12FE2DA986BE00FE973B /* Sources */ = {
			isa = PBXSourcesBuildPhase;
			buildActionMask = 2147483647;
			files = (
				8B7C13072DA986BE00FE973B /* Test2Tests.swift in Sources */,
			);
			runOnlyForDeploymentPostprocessing = 0;
		};
		8B7C13082DA986BE00FE973B /* Sources */ = {
			isa = PBXSourcesBuildPhase;
			buildActionMask = 2147483647;
			files = (
				8B7C13112DA986BE00FE973B /* Test2UITests.swift in Sources */,
				8B7C13132DA986BE00FE973B /* Test2UITestsLaunchTests.swift in Sources */,
			);
			runOnlyForDeploymentPostprocessing = 0;
		};
/* End PBXSourcesBuildPhase section */

/* Begin PBXTargetDependency section */
		8B7C13042DA986BE00FE973B /* PBXTargetDependency */ = {
			isa = PBXTargetDependency;
			target = 8B7C12EB2DA986BC00FE973B /* Test2 */;
			targetProxy = 8B7C13032DA986BE00FE973B /* PBXContainerItemProxy */;
		};
		8B7C130E2DA986BE00FE973B /* PBXTargetDependency */ = {
			isa = PBXTargetDependency;
			target = 8B7C12EB2DA986BC00FE973B /* Test2 */;
			targetProxy = 8B7C130D2DA986BE00FE973B /* PBXContainerItemProxy */;
		};
/* End PBXTargetDependency section */

/* Begin PBXVariantGroup section */
		8B7C12F52DA986BC00FE973B /* Main.storyboard */ = {
			isa = PBXVariantGroup;
			children = (
				8B7C12F62DA986BC00FE973B /* Base */,
			);
			name = Main.storyboard;
			sourceTree = "<group>";
		};
		8B7C12FA2DA986BE00FE973B /* LaunchScreen.storyboard */ = {
			isa = PBXVariantGroup;
			children = (
				8B7C12FB2DA986BE00FE973B /* Base */,
			);
			name = LaunchScreen.storyboard;
			sourceTree = "<group>";
		};
/* End PBXVariantGroup section */

/* Begin XCBuildConfiguration section */
		8B7C13142DA986BE00FE973B /* Debug */ = {
			isa = XCBuildConfiguration;
			buildSettings = {
				ALWAYS_SEARCH_USER_PATHS = NO;
				ASSETCATALOG_COMPILER_GENERATE_SWIFT_ASSET_SYMBOL_EXTENSIONS = YES;
				CLANG_ANALYZER_NONNULL = YES;
				CLANG_ANALYZER_NUMBER_OBJECT_CONVERSION = YES_AGGRESSIVE;
				CLANG_CXX_LANGUAGE_STANDARD = "gnu++20";
				CLANG_ENABLE_MODULES = YES;
				CLANG_ENABLE_OBJC_ARC = YES;
				CLANG_ENABLE_OBJC_WEAK = YES;
				CLANG_WARN_BLOCK_CAPTURE_AUTORELEASING = YES;
				CLANG_WARN_BOOL_CONVERSION = YES;
				CLANG_WARN_COMMA = YES;
				CLANG_WARN_CONSTANT_CONVERSION = YES;
				CLANG_WARN_DEPRECATED_OBJC_IMPLEMENTATIONS = YES;
				CLANG_WARN_DIRECT_OBJC_ISA_USAGE = YES_ERROR;
				CLANG_WARN_DOCUMENTATION_COMMENTS = YES;
				CLANG_WARN_EMPTY_BODY = YES;
				CLANG_WARN_ENUM_CONVERSION = YES;
				CLANG_WARN_INFINITE_RECURSION = YES;
				CLANG_WARN_INT_CONVERSION = YES;
				CLANG_WARN_NON_LITERAL_NULL_CONVERSION = YES;
				CLANG_WARN_OBJC_IMPLICIT_RETAIN_SELF = YES;
				CLANG_WARN_OBJC_LITERAL_CONVERSION = YES;
				CLANG_WARN_OBJC_ROOT_CLASS = YES_ERROR;
				CLANG_WARN_QUOTED_INCLUDE_IN_FRAMEWORK_HEADER = YES;
				CLANG_WARN_RANGE_LOOP_ANALYSIS = YES;
				CLANG_WARN_STRICT_PROTOTYPES = YES;
				CLANG_WARN_SUSPICIOUS_MOVE = YES;
				CLANG_WARN_UNGUARDED_AVAILABILITY = YES_AGGRESSIVE;
				CLANG_WARN_UNREACHABLE_CODE = YES;
				CLANG_WARN__DUPLICATE_METHOD_MATCH = YES;
				COPY_PHASE_STRIP = NO;
				DEBUG_INFORMATION_FORMAT = dwarf;
				ENABLE_STRICT_OBJC_MSGSEND = YES;
				ENABLE_TESTABILITY = YES;
				ENABLE_USER_SCRIPT_SANDBOXING = YES;
				GCC_C_LANGUAGE_STANDARD = gnu17;
				GCC_DYNAMIC_NO_PIC = NO;
				GCC_NO_COMMON_BLOCKS = YES;
				GCC_OPTIMIZATION_LEVEL = 0;
				GCC_PREPROCESSOR_DEFINITIONS = (
					"DEBUG=1",
					"$(inherited)",
				);
				GCC_WARN_64_TO_32_BIT_CONVERSION = YES;
				GCC_WARN_ABOUT_RETURN_TYPE = YES_ERROR;
				GCC_WARN_UNDECLARED_SELECTOR = YES;
				GCC_WARN_UNINITIALIZED_AUTOS = YES_AGGRESSIVE;
				GCC_WARN_UNUSED_FUNCTION = YES;
				GCC_WARN_UNUSED_VARIABLE = YES;
				IPHONEOS_DEPLOYMENT_TARGET = 17.5;
				LOCALIZATION_PREFERS_STRING_CATALOGS = YES;
				MTL_ENABLE_DEBUG_INFO = INCLUDE_SOURCE;
				MTL_FAST_MATH = YES;
				ONLY_ACTIVE_ARCH = YES;
				SDKROOT = iphoneos;
				SWIFT_ACTIVE_COMPILATION_CONDITIONS = "DEBUG $(inherited)";
				SWIFT_OPTIMIZATION_LEVEL = "-Onone";
			};
			name = Debug;
		};
		8B7C13152DA986BE00FE973B /* Release */ = {
			isa = XCBuildConfiguration;
			buildSettings = {
				ALWAYS_SEARCH_USER_PATHS = NO;
				ASSETCATALOG_COMPILER_GENERATE_SWIFT_ASSET_SYMBOL_EXTENSIONS = YES;
				CLANG_ANALYZER_NONNULL = YES;
				CLANG_ANALYZER_NUMBER_OBJECT_CONVERSION = YES_AGGRESSIVE;
				CLANG_CXX_LANGUAGE_STANDARD = "gnu++20";
				CLANG_ENABLE_MODULES = YES;
				CLANG_ENABLE_OBJC_ARC = YES;
				CLANG_ENABLE_OBJC_WEAK = YES;
				CLANG_WARN_BLOCK_CAPTURE_AUTORELEASING = YES;
				CLANG_WARN_BOOL_CONVERSION = YES;
				CLANG_WARN_COMMA = YES;
				CLANG_WARN_CONSTANT_CONVERSION = YES;
				CLANG_WARN_DEPRECATED_OBJC_IMPLEMENTATIONS = YES;
				CLANG_WARN_DIRECT_OBJC_ISA_USAGE = YES_ERROR;
				CLANG_WARN_DOCUMENTATION_COMMENTS = YES;
				CLANG_WARN_EMPTY_BODY = YES;
				CLANG_WARN_ENUM_CONVERSION = YES;
				CLANG_WARN_INFINITE_RECURSION = YES;
				CLANG_WARN_INT_CONVERSION = YES;
				CLANG_WARN_NON_LITERAL_NULL_CONVERSION = YES;
				CLANG_WARN_OBJC_IMPLICIT_RETAIN_SELF = YES;
				CLANG_WARN_OBJC_LITERAL_CONVERSION = YES;
				CLANG_WARN_OBJC_ROOT_CLASS = YES_ERROR;
				CLANG_WARN_QUOTED_INCLUDE_IN_FRAMEWORK_HEADER = YES;
				CLANG_WARN_RANGE_LOOP_ANALYSIS = YES;
				CLANG_WARN_STRICT_PROTOTYPES = YES;
				CLANG_WARN_SUSPICIOUS_MOVE = YES;
				CLANG_WARN_UNGUARDED_AVAILABILITY = YES_AGGRESSIVE;
				CLANG_WARN_UNREACHABLE_CODE = YES;
				CLANG_WARN__DUPLICATE_METHOD_MATCH = YES;
				COPY_PHASE_STRIP = NO;
				DEBUG_INFORMATION_FORMAT = "dwarf-with-dsym";
				ENABLE_NS_ASSERTIONS = NO;
				ENABLE_STRICT_OBJC_MSGSEND = YES;
				ENABLE_USER_SCRIPT_SANDBOXING = YES;
				GCC_C_LANGUAGE_STANDARD = gnu17;
				GCC_NO_COMMON_BLOCKS = YES;
				GCC_WARN_64_TO_32_BIT_CONVERSION = YES;
				GCC_WARN_ABOUT_RETURN_TYPE = YES_ERROR;
				GCC_WARN_UNDECLARED_SELECTOR = YES;
				GCC_WARN_UNINITIALIZED_AUTOS = YES_AGGRESSIVE;
				GCC_WARN_UNUSED_FUNCTION = YES;
				GCC_WARN_UNUSED_VARIABLE = YES;
				IPHONEOS_DEPLOYMENT_TARGET = 17.5;
				LOCALIZATION_PREFERS_STRING_CATALOGS = YES;
				MTL_ENABLE_DEBUG_INFO = NO;
				MTL_FAST_MATH = YES;
				SDKROOT = iphoneos;
				SWIFT_COMPILATION_MODE = wholemodule;
				VALIDATE_PRODUCT = YES;
			};
			name = Release;
		};
		8B7C13172DA986BE00FE973B /* Debug */ = {
			isa = XCBuildConfiguration;
			buildSettings = {
				ASSETCATALOG_COMPILER_APPICON_NAME = AppIcon;
				ASSETCATALOG_COMPILER_GLOBAL_ACCENT_COLOR_NAME = AccentColor;
				CODE_SIGN_STYLE = Automatic;
				CURRENT_PROJECT_VERSION = 1;
				GENERATE_INFOPLIST_FILE = YES;
				INFOPLIST_FILE = Test2/Info.plist;
				INFOPLIST_KEY_UIApplicationSupportsIndirectInputEvents = YES;
				INFOPLIST_KEY_UILaunchStoryboardName = LaunchScreen;
				INFOPLIST_KEY_UIMainStoryboardFile = Main;
				INFOPLIST_KEY_UISupportedInterfaceOrientations_iPad = "UIInterfaceOrientationPortrait UIInterfaceOrientationPortraitUpsideDown UIInterfaceOrientationLandscapeLeft UIInterfaceOrientationLandscapeRight";
				INFOPLIST_KEY_UISupportedInterfaceOrientations_iPhone = "UIInterfaceOrientationPortrait UIInterfaceOrientationLandscapeLeft UIInterfaceOrientationLandscapeRight";
				LD_RUNPATH_SEARCH_PATHS = (
					"$(inherited)",
					"@executable_path/Frameworks",
				);
				MARKETING_VERSION = 1.0;
				PRODUCT_BUNDLE_IDENTIFIER = humber.ca.Test2;
				PRODUCT_NAME = "$(TARGET_NAME)";
				SWIFT_EMIT_LOC_STRINGS = YES;
				SWIFT_VERSION = 5.0;
				TARGETED_DEVICE_FAMILY = "1,2";
			};
			name = Debug;
		};
		8B7C13182DA986BE00FE973B /* Release */ = {
			isa = XCBuildConfiguration;
			buildSettings = {
				ASSETCATALOG_COMPILER_APPICON_NAME = AppIcon;
				ASSETCATALOG_COMPILER_GLOBAL_ACCENT_COLOR_NAME = AccentColor;
				CODE_SIGN_STYLE = Automatic;
				CURRENT_PROJECT_VERSION = 1;
				GENERATE_INFOPLIST_FILE = YES;
				INFOPLIST_FILE = Test2/Info.plist;
				INFOPLIST_KEY_UIApplicationSupportsIndirectInputEvents = YES;
				INFOPLIST_KEY_UILaunchStoryboardName = LaunchScreen;
				INFOPLIST_KEY_UIMainStoryboardFile = Main;
				INFOPLIST_KEY_UISupportedInterfaceOrientations_iPad = "UIInterfaceOrientationPortrait UIInterfaceOrientationPortraitUpsideDown UIInterfaceOrientationLandscapeLeft UIInterfaceOrientationLandscapeRight";
				INFOPLIST_KEY_UISupportedInterfaceOrientations_iPhone = "UIInterfaceOrientationPortrait UIInterfaceOrientationLandscapeLeft UIInterfaceOrientationLandscapeRight";
				LD_RUNPATH_SEARCH_PATHS = (
					"$(inherited)",
					"@executable_path/Frameworks",
				);
				MARKETING_VERSION = 1.0;
				PRODUCT_BUNDLE_IDENTIFIER = humber.ca.Test2;
				PRODUCT_NAME = "$(TARGET_NAME)";
				SWIFT_EMIT_LOC_STRINGS = YES;
				SWIFT_VERSION = 5.0;
				TARGETED_DEVICE_FAMILY = "1,2";
			};
			name = Release;
		};
		8B7C131A2DA986BE00FE973B /* Debug */ = {
			isa = XCBuildConfiguration;
			buildSettings = {
				ALWAYS_EMBED_SWIFT_STANDARD_LIBRARIES = YES;
				BUNDLE_LOADER = "$(TEST_HOST)";
				CODE_SIGN_STYLE = Automatic;
				CURRENT_PROJECT_VERSION = 1;
				GENERATE_INFOPLIST_FILE = YES;
				IPHONEOS_DEPLOYMENT_TARGET = 17.5;
				MARKETING_VERSION = 1.0;
				PRODUCT_BUNDLE_IDENTIFIER = humber.ca.Test2Tests;
				PRODUCT_NAME = "$(TARGET_NAME)";
				SWIFT_EMIT_LOC_STRINGS = NO;
				SWIFT_VERSION = 5.0;
				TARGETED_DEVICE_FAMILY = "1,2";
				TEST_HOST = "$(BUILT_PRODUCTS_DIR)/Test2.app/$(BUNDLE_EXECUTABLE_FOLDER_PATH)/Test2";
			};
			name = Debug;
		};
		8B7C131B2DA986BE00FE973B /* Release */ = {
			isa = XCBuildConfiguration;
			buildSettings = {
				ALWAYS_EMBED_SWIFT_STANDARD_LIBRARIES = YES;
				BUNDLE_LOADER = "$(TEST_HOST)";
				CODE_SIGN_STYLE = Automatic;
				CURRENT_PROJECT_VERSION = 1;
				GENERATE_INFOPLIST_FILE = YES;
				IPHONEOS_DEPLOYMENT_TARGET = 17.5;
				MARKETING_VERSION = 1.0;
				PRODUCT_BUNDLE_IDENTIFIER = humber.ca.Test2Tests;
				PRODUCT_NAME = "$(TARGET_NAME)";
				SWIFT_EMIT_LOC_STRINGS = NO;
				SWIFT_VERSION = 5.0;
				TARGETED_DEVICE_FAMILY = "1,2";
				TEST_HOST = "$(BUILT_PRODUCTS_DIR)/Test2.app/$(BUNDLE_EXECUTABLE_FOLDER_PATH)/Test2";
			};
			name = Release;
		};
		8B7C131D2DA986BE00FE973B /* Debug */ = {
			isa = XCBuildConfiguration;
			buildSettings = {
				ALWAYS_EMBED_SWIFT_STANDARD_LIBRARIES = YES;
				CODE_SIGN_STYLE = Automatic;
				CURRENT_PROJECT_VERSION = 1;
				GENERATE_INFOPLIST_FILE = YES;
				MARKETING_VERSION = 1.0;
				PRODUCT_BUNDLE_IDENTIFIER = humber.ca.Test2UITests;
				PRODUCT_NAME = "$(TARGET_NAME)";
				SWIFT_EMIT_LOC_STRINGS = NO;
				SWIFT_VERSION = 5.0;
				TARGETED_DEVICE_FAMILY = "1,2";
				TEST_TARGET_NAME = Test2;
			};
			name = Debug;
		};
		8B7C131E2DA986BE00FE973B /* Release */ = {
			isa = XCBuildConfiguration;
			buildSettings = {
				ALWAYS_EMBED_SWIFT_STANDARD_LIBRARIES = YES;
				CODE_SIGN_STYLE = Automatic;
				CURRENT_PROJECT_VERSION = 1;
				GENERATE_INFOPLIST_FILE = YES;
				MARKETING_VERSION = 1.0;
				PRODUCT_BUNDLE_IDENTIFIER = humber.ca.Test2UITests;
				PRODUCT_NAME = "$(TARGET_NAME)";
				SWIFT_EMIT_LOC_STRINGS = NO;
				SWIFT_VERSION = 5.0;
				TARGETED_DEVICE_FAMILY = "1,2";
				TEST_TARGET_NAME = Test2;
			};
			name = Release;
		};
/* End XCBuildConfiguration section */

/* Begin XCConfigurationList section */
		8B7C12E72DA986BC00FE973B /* Build configuration list for PBXProject "Test2" */ = {
			isa = XCConfigurationList;
			buildConfigurations = (
				8B7C13142DA986BE00FE973B /* Debug */,
				8B7C13152DA986BE00FE973B /* Release */,
			);
			defaultConfigurationIsVisible = 0;
			defaultConfigurationName = Release;
		};
		8B7C13162DA986BE00FE973B /* Build configuration list for PBXNativeTarget "Test2" */ = {
			isa = XCConfigurationList;
			buildConfigurations = (
				8B7C13172DA986BE00FE973B /* Debug */,
				8B7C13182DA986BE00FE973B /* Release */,
			);
			defaultConfigurationIsVisible = 0;
			defaultConfigurationName = Release;
		};
		8B7C13192DA986BE00FE973B /* Build configuration list for PBXNativeTarget "Test2Tests" */ = {
			isa = XCConfigurationList;
			buildConfigurations = (
				8B7C131A2DA986BE00FE973B /* Debug */,
				8B7C131B2DA986BE00FE973B /* Release */,
			);
			defaultConfigurationIsVisible = 0;
			defaultConfigurationName = Release;
		};
		8B7C131C2DA986BE00FE973B /* Build configuration list for PBXNativeTarget "Test2UITests" */ = {
			isa = XCConfigurationList;
			buildConfigurations = (
				8B7C131D2DA986BE00FE973B /* Debug */,
				8B7C131E2DA986BE00FE973B /* Release */,
			);
			defaultConfigurationIsVisible = 0;
			defaultConfigurationName = Release;
		};
/* End XCConfigurationList section */
	};
	rootObject = 8B7C12E42DA986BC00FE973B /* Project object */;
}
