// !$*UTF8*$!
{
	archiveVersion = 1;
	classes = {
	};
	objectVersion = 56;
	objects = {

/* Begin PBXBuildFile section */
		8BD671D22D5FA6C90060C41C /* AppDelegate.swift in Sources */ = {isa = PBXBuildFile; fileRef = 8BD671D12D5FA6C90060C41C /* AppDelegate.swift */; };
		8BD671D42D5FA6C90060C41C /* SceneDelegate.swift in Sources */ = {isa = PBXBuildFile; fileRef = 8BD671D32D5FA6C90060C41C /* SceneDelegate.swift */; };
		8BD671D62D5FA6C90060C41C /* ViewController.swift in Sources */ = {isa = PBXBuildFile; fileRef = 8BD671D52D5FA6C90060C41C /* ViewController.swift */; };
		8BD671D92D5FA6C90060C41C /* Base in Resources */ = {isa = PBXBuildFile; fileRef = 8BD671D82D5FA6C90060C41C /* Base */; };
		8BD671DB2D5FA6CA0060C41C /* Assets.xcassets in Resources */ = {isa = PBXBuildFile; fileRef = 8BD671DA2D5FA6CA0060C41C /* Assets.xcassets */; };
		8BD671DE2D5FA6CA0060C41C /* Base in Resources */ = {isa = PBXBuildFile; fileRef = 8BD671DD2D5FA6CA0060C41C /* Base */; };
		8BD671E92D5FA6CA0060C41C /* Assignment_2Tests.swift in Sources */ = {isa = PBXBuildFile; fileRef = 8BD671E82D5FA6CA0060C41C /* Assignment_2Tests.swift */; };
		8BD671F32D5FA6CA0060C41C /* Assignment_2UITests.swift in Sources */ = {isa = PBXBuildFile; fileRef = 8BD671F22D5FA6CA0060C41C /* Assignment_2UITests.swift */; };
		8BD671F52D5FA6CA0060C41C /* Assignment_2UITestsLaunchTests.swift in Sources */ = {isa = PBXBuildFile; fileRef = 8BD671F42D5FA6CA0060C41C /* Assignment_2UITestsLaunchTests.swift */; };
/* End PBXBuildFile section */

/* Begin PBXContainerItemProxy section */
		8BD671E52D5FA6CA0060C41C /* PBXContainerItemProxy */ = {
			isa = PBXContainerItemProxy;
			containerPortal = 8BD671C62D5FA6C80060C41C /* Project object */;
			proxyType = 1;
			remoteGlobalIDString = 8BD671CD2D5FA6C80060C41C;
			remoteInfo = "Assignment 2";
		};
		8BD671EF2D5FA6CA0060C41C /* PBXContainerItemProxy */ = {
			isa = PBXContainerItemProxy;
			containerPortal = 8BD671C62D5FA6C80060C41C /* Project object */;
			proxyType = 1;
			remoteGlobalIDString = 8BD671CD2D5FA6C80060C41C;
			remoteInfo = "Assignment 2";
		};
/* End PBXContainerItemProxy section */

/* Begin PBXFileReference section */
		8BD671CE2D5FA6C90060C41C /* Assignment 2.app */ = {isa = PBXFileReference; explicitFileType = wrapper.application; includeInIndex = 0; path = "Assignment 2.app"; sourceTree = BUILT_PRODUCTS_DIR; };
		8BD671D12D5FA6C90060C41C /* AppDelegate.swift */ = {isa = PBXFileReference; lastKnownFileType = sourcecode.swift; path = AppDelegate.swift; sourceTree = "<group>"; };
		8BD671D32D5FA6C90060C41C /* SceneDelegate.swift */ = {isa = PBXFileReference; lastKnownFileType = sourcecode.swift; path = SceneDelegate.swift; sourceTree = "<group>"; };
		8BD671D52D5FA6C90060C41C /* ViewController.swift */ = {isa = PBXFileReference; lastKnownFileType = sourcecode.swift; path = ViewController.swift; sourceTree = "<group>"; };
		8BD671D82D5FA6C90060C41C /* Base */ = {isa = PBXFileReference; lastKnownFileType = file.storyboard; name = Base; path = Base.lproj/Main.storyboard; sourceTree = "<group>"; };
		8BD671DA2D5FA6CA0060C41C /* Assets.xcassets */ = {isa = PBXFileReference; lastKnownFileType = folder.assetcatalog; path = Assets.xcassets; sourceTree = "<group>"; };
		8BD671DD2D5FA6CA0060C41C /* Base */ = {isa = PBXFileReference; lastKnownFileType = file.storyboard; name = Base; path = Base.lproj/LaunchScreen.storyboard; sourceTree = "<group>"; };
		8BD671DF2D5FA6CA0060C41C /* Info.plist */ = {isa = PBXFileReference; lastKnownFileType = text.plist.xml; path = Info.plist; sourceTree = "<group>"; };
		8BD671E42D5FA6CA0060C41C /* Assignment 2Tests.xctest */ = {isa = PBXFileReference; explicitFileType = wrapper.cfbundle; includeInIndex = 0; path = "Assignment 2Tests.xctest"; sourceTree = BUILT_PRODUCTS_DIR; };
		8BD671E82D5FA6CA0060C41C /* Assignment_2Tests.swift */ = {isa = PBXFileReference; lastKnownFileType = sourcecode.swift; path = Assignment_2Tests.swift; sourceTree = "<group>"; };
		8BD671EE2D5FA6CA0060C41C /* Assignment 2UITests.xctest */ = {isa = PBXFileReference; explicitFileType = wrapper.cfbundle; includeInIndex = 0; path = "Assignment 2UITests.xctest"; sourceTree = BUILT_PRODUCTS_DIR; };
		8BD671F22D5FA6CA0060C41C /* Assignment_2UITests.swift */ = {isa = PBXFileReference; lastKnownFileType = sourcecode.swift; path = Assignment_2UITests.swift; sourceTree = "<group>"; };
		8BD671F42D5FA6CA0060C41C /* Assignment_2UITestsLaunchTests.swift */ = {isa = PBXFileReference; lastKnownFileType = sourcecode.swift; path = Assignment_2UITestsLaunchTests.swift; sourceTree = "<group>"; };
/* End PBXFileReference section */

/* Begin PBXFrameworksBuildPhase section */
		8BD671CB2D5FA6C80060C41C /* Frameworks */ = {
			isa = PBXFrameworksBuildPhase;
			buildActionMask = 2147483647;
			files = (
			);
			runOnlyForDeploymentPostprocessing = 0;
		};
		8BD671E12D5FA6CA0060C41C /* Frameworks */ = {
			isa = PBXFrameworksBuildPhase;
			buildActionMask = 2147483647;
			files = (
			);
			runOnlyForDeploymentPostprocessing = 0;
		};
		8BD671EB2D5FA6CA0060C41C /* Frameworks */ = {
			isa = PBXFrameworksBuildPhase;
			buildActionMask = 2147483647;
			files = (
			);
			runOnlyForDeploymentPostprocessing = 0;
		};
/* End PBXFrameworksBuildPhase section */

/* Begin PBXGroup section */
		8BD671C52D5FA6C80060C41C = {
			isa = PBXGroup;
			children = (
				8BD671D02D5FA6C90060C41C /* Assignment 2 */,
				8BD671E72D5FA6CA0060C41C /* Assignment 2Tests */,
				8BD671F12D5FA6CA0060C41C /* Assignment 2UITests */,
				8BD671CF2D5FA6C90060C41C /* Products */,
			);
			sourceTree = "<group>";
		};
		8BD671CF2D5FA6C90060C41C /* Products */ = {
			isa = PBXGroup;
			children = (
				8BD671CE2D5FA6C90060C41C /* Assignment 2.app */,
				8BD671E42D5FA6CA0060C41C /* Assignment 2Tests.xctest */,
				8BD671EE2D5FA6CA0060C41C /* Assignment 2UITests.xctest */,
			);
			name = Products;
			sourceTree = "<group>";
		};
		8BD671D02D5FA6C90060C41C /* Assignment 2 */ = {
			isa = PBXGroup;
			children = (
				8BD671D12D5FA6C90060C41C /* AppDelegate.swift */,
				8BD671D32D5FA6C90060C41C /* SceneDelegate.swift */,
				8BD671D52D5FA6C90060C41C /* ViewController.swift */,
				8BD671D72D5FA6C90060C41C /* Main.storyboard */,
				8BD671DA2D5FA6CA0060C41C /* Assets.xcassets */,
				8BD671DC2D5FA6CA0060C41C /* LaunchScreen.storyboard */,
				8BD671DF2D5FA6CA0060C41C /* Info.plist */,
			);
			path = "Assignment 2";
			sourceTree = "<group>";
		};
		8BD671E72D5FA6CA0060C41C /* Assignment 2Tests */ = {
			isa = PBXGroup;
			children = (
				8BD671E82D5FA6CA0060C41C /* Assignment_2Tests.swift */,
			);
			path = "Assignment 2Tests";
			sourceTree = "<group>";
		};
		8BD671F12D5FA6CA0060C41C /* Assignment 2UITests */ = {
			isa = PBXGroup;
			children = (
				8BD671F22D5FA6CA0060C41C /* Assignment_2UITests.swift */,
				8BD671F42D5FA6CA0060C41C /* Assignment_2UITestsLaunchTests.swift */,
			);
			path = "Assignment 2UITests";
			sourceTree = "<group>";
		};
/* End PBXGroup section */

/* Begin PBXNativeTarget section */
		8BD671CD2D5FA6C80060C41C /* Assignment 2 */ = {
			isa = PBXNativeTarget;
			buildConfigurationList = 8BD671F82D5FA6CA0060C41C /* Build configuration list for PBXNativeTarget "Assignment 2" */;
			buildPhases = (
				8BD671CA2D5FA6C80060C41C /* Sources */,
				8BD671CB2D5FA6C80060C41C /* Frameworks */,
				8BD671CC2D5FA6C80060C41C /* Resources */,
			);
			buildRules = (
			);
			dependencies = (
			);
			name = "Assignment 2";
			productName = "Assignment 2";
			productReference = 8BD671CE2D5FA6C90060C41C /* Assignment 2.app */;
			productType = "com.apple.product-type.application";
		};
		8BD671E32D5FA6CA0060C41C /* Assignment 2Tests */ = {
			isa = PBXNativeTarget;
			buildConfigurationList = 8BD671FB2D5FA6CA0060C41C /* Build configuration list for PBXNativeTarget "Assignment 2Tests" */;
			buildPhases = (
				8BD671E02D5FA6CA0060C41C /* Sources */,
				8BD671E12D5FA6CA0060C41C /* Frameworks */,
				8BD671E22D5FA6CA0060C41C /* Resources */,
			);
			buildRules = (
			);
			dependencies = (
				8BD671E62D5FA6CA0060C41C /* PBXTargetDependency */,
			);
			name = "Assignment 2Tests";
			productName = "Assignment 2Tests";
			productReference = 8BD671E42D5FA6CA0060C41C /* Assignment 2Tests.xctest */;
			productType = "com.apple.product-type.bundle.unit-test";
		};
		8BD671ED2D5FA6CA0060C41C /* Assignment 2UITests */ = {
			isa = PBXNativeTarget;
			buildConfigurationList = 8BD671FE2D5FA6CA0060C41C /* Build configuration list for PBXNativeTarget "Assignment 2UITests" */;
			buildPhases = (
				8BD671EA2D5FA6CA0060C41C /* Sources */,
				8BD671EB2D5FA6CA0060C41C /* Frameworks */,
				8BD671EC2D5FA6CA0060C41C /* Resources */,
			);
			buildRules = (
			);
			dependencies = (
				8BD671F02D5FA6CA0060C41C /* PBXTargetDependency */,
			);
			name = "Assignment 2UITests";
			productName = "Assignment 2UITests";
			productReference = 8BD671EE2D5FA6CA0060C41C /* Assignment 2UITests.xctest */;
			productType = "com.apple.product-type.bundle.ui-testing";
		};
/* End PBXNativeTarget section */

/* Begin PBXProject section */
		8BD671C62D5FA6C80060C41C /* Project object */ = {
			isa = PBXProject;
			attributes = {
				BuildIndependentTargetsInParallel = 1;
				LastSwiftUpdateCheck = 1540;
				LastUpgradeCheck = 1540;
				TargetAttributes = {
					8BD671CD2D5FA6C80060C41C = {
						CreatedOnToolsVersion = 15.4;
					};
					8BD671E32D5FA6CA0060C41C = {
						CreatedOnToolsVersion = 15.4;
						TestTargetID = 8BD671CD2D5FA6C80060C41C;
					};
					8BD671ED2D5FA6CA0060C41C = {
						CreatedOnToolsVersion = 15.4;
						TestTargetID = 8BD671CD2D5FA6C80060C41C;
					};
				};
			};
			buildConfigurationList = 8BD671C92D5FA6C80060C41C /* Build configuration list for PBXProject "Assignment 2" */;
			compatibilityVersion = "Xcode 14.0";
			developmentRegion = en;
			hasScannedForEncodings = 0;
			knownRegions = (
				en,
				Base,
			);
			mainGroup = 8BD671C52D5FA6C80060C41C;
			productRefGroup = 8BD671CF2D5FA6C90060C41C /* Products */;
			projectDirPath = "";
			projectRoot = "";
			targets = (
				8BD671CD2D5FA6C80060C41C /* Assignment 2 */,
				8BD671E32D5FA6CA0060C41C /* Assignment 2Tests */,
				8BD671ED2D5FA6CA0060C41C /* Assignment 2UITests */,
			);
		};
/* End PBXProject section */

/* Begin PBXResourcesBuildPhase section */
		8BD671CC2D5FA6C80060C41C /* Resources */ = {
			isa = PBXResourcesBuildPhase;
			buildActionMask = 2147483647;
			files = (
				8BD671DB2D5FA6CA0060C41C /* Assets.xcassets in Resources */,
				8BD671DE2D5FA6CA0060C41C /* Base in Resources */,
				8BD671D92D5FA6C90060C41C /* Base in Resources */,
			);
			runOnlyForDeploymentPostprocessing = 0;
		};
		8BD671E22D5FA6CA0060C41C /* Resources */ = {
			isa = PBXResourcesBuildPhase;
			buildActionMask = 2147483647;
			files = (
			);
			runOnlyForDeploymentPostprocessing = 0;
		};
		8BD671EC2D5FA6CA0060C41C /* Resources */ = {
			isa = PBXResourcesBuildPhase;
			buildActionMask = 2147483647;
			files = (
			);
			runOnlyForDeploymentPostprocessing = 0;
		};
/* End PBXResourcesBuildPhase section */

/* Begin PBXSourcesBuildPhase section */
		8BD671CA2D5FA6C80060C41C /* Sources */ = {
			isa = PBXSourcesBuildPhase;
			buildActionMask = 2147483647;
			files = (
				8BD671D62D5FA6C90060C41C /* ViewController.swift in Sources */,
				8BD671D22D5FA6C90060C41C /* AppDelegate.swift in Sources */,
				8BD671D42D5FA6C90060C41C /* SceneDelegate.swift in Sources */,
			);
			runOnlyForDeploymentPostprocessing = 0;
		};
		8BD671E02D5FA6CA0060C41C /* Sources */ = {
			isa = PBXSourcesBuildPhase;
			buildActionMask = 2147483647;
			files = (
				8BD671E92D5FA6CA0060C41C /* Assignment_2Tests.swift in Sources */,
			);
			runOnlyForDeploymentPostprocessing = 0;
		};
		8BD671EA2D5FA6CA0060C41C /* Sources */ = {
			isa = PBXSourcesBuildPhase;
			buildActionMask = 2147483647;
			files = (
				8BD671F52D5FA6CA0060C41C /* Assignment_2UITestsLaunchTests.swift in Sources */,
				8BD671F32D5FA6CA0060C41C /* Assignment_2UITests.swift in Sources */,
			);
			runOnlyForDeploymentPostprocessing = 0;
		};
/* End PBXSourcesBuildPhase section */

/* Begin PBXTargetDependency section */
		8BD671E62D5FA6CA0060C41C /* PBXTargetDependency */ = {
			isa = PBXTargetDependency;
			target = 8BD671CD2D5FA6C80060C41C /* Assignment 2 */;
			targetProxy = 8BD671E52D5FA6CA0060C41C /* PBXContainerItemProxy */;
		};
		8BD671F02D5FA6CA0060C41C /* PBXTargetDependency */ = {
			isa = PBXTargetDependency;
			target = 8BD671CD2D5FA6C80060C41C /* Assignment 2 */;
			targetProxy = 8BD671EF2D5FA6CA0060C41C /* PBXContainerItemProxy */;
		};
/* End PBXTargetDependency section */

/* Begin PBXVariantGroup section */
		8BD671D72D5FA6C90060C41C /* Main.storyboard */ = {
			isa = PBXVariantGroup;
			children = (
				8BD671D82D5FA6C90060C41C /* Base */,
			);
			name = Main.storyboard;
			sourceTree = "<group>";
		};
		8BD671DC2D5FA6CA0060C41C /* LaunchScreen.storyboard */ = {
			isa = PBXVariantGroup;
			children = (
				8BD671DD2D5FA6CA0060C41C /* Base */,
			);
			name = LaunchScreen.storyboard;
			sourceTree = "<group>";
		};
/* End PBXVariantGroup section */

/* Begin XCBuildConfiguration section */
		8BD671F62D5FA6CA0060C41C /* Debug */ = {
			isa = XCBuildConfiguration;
			buildSettings = {
				ALWAYS_SEARCH_USER_PATHS = NO;
				ASSETCATALOG_COMPILER_GENERATE_SWIFT_ASSET_SYMBOL_EXTENSIONS = YES;
				CLANG_ANALYZER_NONNULL = YES;
				CLANG_ANALYZER_NUMBER_OBJECT_CONVERSION = YES_AGGRESSIVE;
				CLANG_CXX_LANGUAGE_STANDARD = "gnu++20";
				CLANG_ENABLE_MODULES = YES;
				CLANG_ENABLE_OBJC_ARC = YES;
				CLANG_ENABLE_OBJC_WEAK = YES;
				CLANG_WARN_BLOCK_CAPTURE_AUTORELEASING = YES;
				CLANG_WARN_BOOL_CONVERSION = YES;
				CLANG_WARN_COMMA = YES;
				CLANG_WARN_CONSTANT_CONVERSION = YES;
				CLANG_WARN_DEPRECATED_OBJC_IMPLEMENTATIONS = YES;
				CLANG_WARN_DIRECT_OBJC_ISA_USAGE = YES_ERROR;
				CLANG_WARN_DOCUMENTATION_COMMENTS = YES;
				CLANG_WARN_EMPTY_BODY = YES;
				CLANG_WARN_ENUM_CONVERSION = YES;
				CLANG_WARN_INFINITE_RECURSION = YES;
				CLANG_WARN_INT_CONVERSION = YES;
				CLANG_WARN_NON_LITERAL_NULL_CONVERSION = YES;
				CLANG_WARN_OBJC_IMPLICIT_RETAIN_SELF = YES;
				CLANG_WARN_OBJC_LITERAL_CONVERSION = YES;
				CLANG_WARN_OBJC_ROOT_CLASS = YES_ERROR;
				CLANG_WARN_QUOTED_INCLUDE_IN_FRAMEWORK_HEADER = YES;
				CLANG_WARN_RANGE_LOOP_ANALYSIS = YES;
				CLANG_WARN_STRICT_PROTOTYPES = YES;
				CLANG_WARN_SUSPICIOUS_MOVE = YES;
				CLANG_WARN_UNGUARDED_AVAILABILITY = YES_AGGRESSIVE;
				CLANG_WARN_UNREACHABLE_CODE = YES;
				CLANG_WARN__DUPLICATE_METHOD_MATCH = YES;
				COPY_PHASE_STRIP = NO;
				DEBUG_INFORMATION_FORMAT = dwarf;
				ENABLE_STRICT_OBJC_MSGSEND = YES;
				ENABLE_TESTABILITY = YES;
				ENABLE_USER_SCRIPT_SANDBOXING = YES;
				GCC_C_LANGUAGE_STANDARD = gnu17;
				GCC_DYNAMIC_NO_PIC = NO;
				GCC_NO_COMMON_BLOCKS = YES;
				GCC_OPTIMIZATION_LEVEL = 0;
				GCC_PREPROCESSOR_DEFINITIONS = (
					"DEBUG=1",
					"$(inherited)",
				);
				GCC_WARN_64_TO_32_BIT_CONVERSION = YES;
				GCC_WARN_ABOUT_RETURN_TYPE = YES_ERROR;
				GCC_WARN_UNDECLARED_SELECTOR = YES;
				GCC_WARN_UNINITIALIZED_AUTOS = YES_AGGRESSIVE;
				GCC_WARN_UNUSED_FUNCTION = YES;
				GCC_WARN_UNUSED_VARIABLE = YES;
				IPHONEOS_DEPLOYMENT_TARGET = 17.5;
				LOCALIZATION_PREFERS_STRING_CATALOGS = YES;
				MTL_ENABLE_DEBUG_INFO = INCLUDE_SOURCE;
				MTL_FAST_MATH = YES;
				ONLY_ACTIVE_ARCH = YES;
				SDKROOT = iphoneos;
				SWIFT_ACTIVE_COMPILATION_CONDITIONS = "DEBUG $(inherited)";
				SWIFT_OPTIMIZATION_LEVEL = "-Onone";
			};
			name = Debug;
		};
		8BD671F72D5FA6CA0060C41C /* Release */ = {
			isa = XCBuildConfiguration;
			buildSettings = {
				ALWAYS_SEARCH_USER_PATHS = NO;
				ASSETCATALOG_COMPILER_GENERATE_SWIFT_ASSET_SYMBOL_EXTENSIONS = YES;
				CLANG_ANALYZER_NONNULL = YES;
				CLANG_ANALYZER_NUMBER_OBJECT_CONVERSION = YES_AGGRESSIVE;
				CLANG_CXX_LANGUAGE_STANDARD = "gnu++20";
				CLANG_ENABLE_MODULES = YES;
				CLANG_ENABLE_OBJC_ARC = YES;
				CLANG_ENABLE_OBJC_WEAK = YES;
				CLANG_WARN_BLOCK_CAPTURE_AUTORELEASING = YES;
				CLANG_WARN_BOOL_CONVERSION = YES;
				CLANG_WARN_COMMA = YES;
				CLANG_WARN_CONSTANT_CONVERSION = YES;
				CLANG_WARN_DEPRECATED_OBJC_IMPLEMENTATIONS = YES;
				CLANG_WARN_DIRECT_OBJC_ISA_USAGE = YES_ERROR;
				CLANG_WARN_DOCUMENTATION_COMMENTS = YES;
				CLANG_WARN_EMPTY_BODY = YES;
				CLANG_WARN_ENUM_CONVERSION = YES;
				CLANG_WARN_INFINITE_RECURSION = YES;
				CLANG_WARN_INT_CONVERSION = YES;
				CLANG_WARN_NON_LITERAL_NULL_CONVERSION = YES;
				CLANG_WARN_OBJC_IMPLICIT_RETAIN_SELF = YES;
				CLANG_WARN_OBJC_LITERAL_CONVERSION = YES;
				CLANG_WARN_OBJC_ROOT_CLASS = YES_ERROR;
				CLANG_WARN_QUOTED_INCLUDE_IN_FRAMEWORK_HEADER = YES;
				CLANG_WARN_RANGE_LOOP_ANALYSIS = YES;
				CLANG_WARN_STRICT_PROTOTYPES = YES;
				CLANG_WARN_SUSPICIOUS_MOVE = YES;
				CLANG_WARN_UNGUARDED_AVAILABILITY = YES_AGGRESSIVE;
				CLANG_WARN_UNREACHABLE_CODE = YES;
				CLANG_WARN__DUPLICATE_METHOD_MATCH = YES;
				COPY_PHASE_STRIP = NO;
				DEBUG_INFORMATION_FORMAT = "dwarf-with-dsym";
				ENABLE_NS_ASSERTIONS = NO;
				ENABLE_STRICT_OBJC_MSGSEND = YES;
				ENABLE_USER_SCRIPT_SANDBOXING = YES;
				GCC_C_LANGUAGE_STANDARD = gnu17;
				GCC_NO_COMMON_BLOCKS = YES;
				GCC_WARN_64_TO_32_BIT_CONVERSION = YES;
				GCC_WARN_ABOUT_RETURN_TYPE = YES_ERROR;
				GCC_WARN_UNDECLARED_SELECTOR = YES;
				GCC_WARN_UNINITIALIZED_AUTOS = YES_AGGRESSIVE;
				GCC_WARN_UNUSED_FUNCTION = YES;
				GCC_WARN_UNUSED_VARIABLE = YES;
				IPHONEOS_DEPLOYMENT_TARGET = 17.5;
				LOCALIZATION_PREFERS_STRING_CATALOGS = YES;
				MTL_ENABLE_DEBUG_INFO = NO;
				MTL_FAST_MATH = YES;
				SDKROOT = iphoneos;
				SWIFT_COMPILATION_MODE = wholemodule;
				VALIDATE_PRODUCT = YES;
			};
			name = Release;
		};
		8BD671F92D5FA6CA0060C41C /* Debug */ = {
			isa = XCBuildConfiguration;
			buildSettings = {
				ASSETCATALOG_COMPILER_APPICON_NAME = AppIcon;
				ASSETCATALOG_COMPILER_GLOBAL_ACCENT_COLOR_NAME = AccentColor;
				CODE_SIGN_STYLE = Automatic;
				CURRENT_PROJECT_VERSION = 1;
				GENERATE_INFOPLIST_FILE = YES;
				INFOPLIST_FILE = "Assignment 2/Info.plist";
				INFOPLIST_KEY_UIApplicationSupportsIndirectInputEvents = YES;
				INFOPLIST_KEY_UILaunchStoryboardName = LaunchScreen;
				INFOPLIST_KEY_UIMainStoryboardFile = Main;
				INFOPLIST_KEY_UISupportedInterfaceOrientations_iPad = "UIInterfaceOrientationPortrait UIInterfaceOrientationPortraitUpsideDown UIInterfaceOrientationLandscapeLeft UIInterfaceOrientationLandscapeRight";
				INFOPLIST_KEY_UISupportedInterfaceOrientations_iPhone = "UIInterfaceOrientationPortrait UIInterfaceOrientationLandscapeLeft UIInterfaceOrientationLandscapeRight";
				LD_RUNPATH_SEARCH_PATHS = (
					"$(inherited)",
					"@executable_path/Frameworks",
				);
				MARKETING_VERSION = 1.0;
				PRODUCT_BUNDLE_IDENTIFIER = "humber.ca.Assignment-2";
				PRODUCT_NAME = "$(TARGET_NAME)";
				SWIFT_EMIT_LOC_STRINGS = YES;
				SWIFT_VERSION = 5.0;
				TARGETED_DEVICE_FAMILY = "1,2";
			};
			name = Debug;
		};
		8BD671FA2D5FA6CA0060C41C /* Release */ = {
			isa = XCBuildConfiguration;
			buildSettings = {
				ASSETCATALOG_COMPILER_APPICON_NAME = AppIcon;
				ASSETCATALOG_COMPILER_GLOBAL_ACCENT_COLOR_NAME = AccentColor;
				CODE_SIGN_STYLE = Automatic;
				CURRENT_PROJECT_VERSION = 1;
				GENERATE_INFOPLIST_FILE = YES;
				INFOPLIST_FILE = "Assignment 2/Info.plist";
				INFOPLIST_KEY_UIApplicationSupportsIndirectInputEvents = YES;
				INFOPLIST_KEY_UILaunchStoryboardName = LaunchScreen;
				INFOPLIST_KEY_UIMainStoryboardFile = Main;
				INFOPLIST_KEY_UISupportedInterfaceOrientations_iPad = "UIInterfaceOrientationPortrait UIInterfaceOrientationPortraitUpsideDown UIInterfaceOrientationLandscapeLeft UIInterfaceOrientationLandscapeRight";
				INFOPLIST_KEY_UISupportedInterfaceOrientations_iPhone = "UIInterfaceOrientationPortrait UIInterfaceOrientationLandscapeLeft UIInterfaceOrientationLandscapeRight";
				LD_RUNPATH_SEARCH_PATHS = (
					"$(inherited)",
					"@executable_path/Frameworks",
				);
				MARKETING_VERSION = 1.0;
				PRODUCT_BUNDLE_IDENTIFIER = "humber.ca.Assignment-2";
				PRODUCT_NAME = "$(TARGET_NAME)";
				SWIFT_EMIT_LOC_STRINGS = YES;
				SWIFT_VERSION = 5.0;
				TARGETED_DEVICE_FAMILY = "1,2";
			};
			name = Release;
		};
		8BD671FC2D5FA6CA0060C41C /* Debug */ = {
			isa = XCBuildConfiguration;
			buildSettings = {
				ALWAYS_EMBED_SWIFT_STANDARD_LIBRARIES = YES;
				BUNDLE_LOADER = "$(TEST_HOST)";
				CODE_SIGN_STYLE = Automatic;
				CURRENT_PROJECT_VERSION = 1;
				GENERATE_INFOPLIST_FILE = YES;
				IPHONEOS_DEPLOYMENT_TARGET = 17.5;
				MARKETING_VERSION = 1.0;
				PRODUCT_BUNDLE_IDENTIFIER = "humber.ca.Assignment-2Tests";
				PRODUCT_NAME = "$(TARGET_NAME)";
				SWIFT_EMIT_LOC_STRINGS = NO;
				SWIFT_VERSION = 5.0;
				TARGETED_DEVICE_FAMILY = "1,2";
				TEST_HOST = "$(BUILT_PRODUCTS_DIR)/Assignment 2.app/$(BUNDLE_EXECUTABLE_FOLDER_PATH)/Assignment 2";
			};
			name = Debug;
		};
		8BD671FD2D5FA6CA0060C41C /* Release */ = {
			isa = XCBuildConfiguration;
			buildSettings = {
				ALWAYS_EMBED_SWIFT_STANDARD_LIBRARIES = YES;
				BUNDLE_LOADER = "$(TEST_HOST)";
				CODE_SIGN_STYLE = Automatic;
				CURRENT_PROJECT_VERSION = 1;
				GENERATE_INFOPLIST_FILE = YES;
				IPHONEOS_DEPLOYMENT_TARGET = 17.5;
				MARKETING_VERSION = 1.0;
				PRODUCT_BUNDLE_IDENTIFIER = "humber.ca.Assignment-2Tests";
				PRODUCT_NAME = "$(TARGET_NAME)";
				SWIFT_EMIT_LOC_STRINGS = NO;
				SWIFT_VERSION = 5.0;
				TARGETED_DEVICE_FAMILY = "1,2";
				TEST_HOST = "$(BUILT_PRODUCTS_DIR)/Assignment 2.app/$(BUNDLE_EXECUTABLE_FOLDER_PATH)/Assignment 2";
			};
			name = Release;
		};
		8BD671FF2D5FA6CA0060C41C /* Debug */ = {
			isa = XCBuildConfiguration;
			buildSettings = {
				ALWAYS_EMBED_SWIFT_STANDARD_LIBRARIES = YES;
				CODE_SIGN_STYLE = Automatic;
				CURRENT_PROJECT_VERSION = 1;
				GENERATE_INFOPLIST_FILE = YES;
				MARKETING_VERSION = 1.0;
				PRODUCT_BUNDLE_IDENTIFIER = "humber.ca.Assignment-2UITests";
				PRODUCT_NAME = "$(TARGET_NAME)";
				SWIFT_EMIT_LOC_STRINGS = NO;
				SWIFT_VERSION = 5.0;
				TARGETED_DEVICE_FAMILY = "1,2";
				TEST_TARGET_NAME = "Assignment 2";
			};
			name = Debug;
		};
		8BD672002D5FA6CA0060C41C /* Release */ = {
			isa = XCBuildConfiguration;
			buildSettings = {
				ALWAYS_EMBED_SWIFT_STANDARD_LIBRARIES = YES;
				CODE_SIGN_STYLE = Automatic;
				CURRENT_PROJECT_VERSION = 1;
				GENERATE_INFOPLIST_FILE = YES;
				MARKETING_VERSION = 1.0;
				PRODUCT_BUNDLE_IDENTIFIER = "humber.ca.Assignment-2UITests";
				PRODUCT_NAME = "$(TARGET_NAME)";
				SWIFT_EMIT_LOC_STRINGS = NO;
				SWIFT_VERSION = 5.0;
				TARGETED_DEVICE_FAMILY = "1,2";
				TEST_TARGET_NAME = "Assignment 2";
			};
			name = Release;
		};
/* End XCBuildConfiguration section */

/* Begin XCConfigurationList section */
		8BD671C92D5FA6C80060C41C /* Build configuration list for PBXProject "Assignment 2" */ = {
			isa = XCConfigurationList;
			buildConfigurations = (
				8BD671F62D5FA6CA0060C41C /* Debug */,
				8BD671F72D5FA6CA0060C41C /* Release */,
			);
			defaultConfigurationIsVisible = 0;
			defaultConfigurationName = Release;
		};
		8BD671F82D5FA6CA0060C41C /* Build configuration list for PBXNativeTarget "Assignment 2" */ = {
			isa = XCConfigurationList;
			buildConfigurations = (
				8BD671F92D5FA6CA0060C41C /* Debug */,
				8BD671FA2D5FA6CA0060C41C /* Release */,
			);
			defaultConfigurationIsVisible = 0;
			defaultConfigurationName = Release;
		};
		8BD671FB2D5FA6CA0060C41C /* Build configuration list for PBXNativeTarget "Assignment 2Tests" */ = {
			isa = XCConfigurationList;
			buildConfigurations = (
				8BD671FC2D5FA6CA0060C41C /* Debug */,
				8BD671FD2D5FA6CA0060C41C /* Release */,
			);
			defaultConfigurationIsVisible = 0;
			defaultConfigurationName = Release;
		};
		8BD671FE2D5FA6CA0060C41C /* Build configuration list for PBXNativeTarget "Assignment 2UITests" */ = {
			isa = XCConfigurationList;
			buildConfigurations = (
				8BD671FF2D5FA6CA0060C41C /* Debug */,
				8BD672002D5FA6CA0060C41C /* Release */,
			);
			defaultConfigurationIsVisible = 0;
			defaultConfigurationName = Release;
		};
/* End XCConfigurationList section */
	};
	rootObject = 8BD671C62D5FA6C80060C41C /* Project object */;
}
